// !$*UTF8*$!
{
	archiveVersion = 1;
	classes = {
	};
	objectVersion = 50;
	objects = {

/* Begin PBXBuildFile section */
		742A09482518632F00862F36 /* AppDelegate.swift in Sources */ = {isa = PBXBuildFile; fileRef = 742A09472518632F00862F36 /* AppDelegate.swift */; };
		742A094A2518632F00862F36 /* ContentView.swift in Sources */ = {isa = PBXBuildFile; fileRef = 742A09492518632F00862F36 /* ContentView.swift */; };
		742A094C2518633100862F36 /* Assets.xcassets in Resources */ = {isa = PBXBuildFile; fileRef = 742A094B2518633100862F36 /* Assets.xcassets */; };
		742A094F2518633100862F36 /* Preview Assets.xcassets in Resources */ = {isa = PBXBuildFile; fileRef = 742A094E2518633100862F36 /* Preview Assets.xcassets */; };
		742A09522518633100862F36 /* Main.storyboard in Resources */ = {isa = PBXBuildFile; fileRef = 742A09502518633100862F36 /* Main.storyboard */; };
		742A095D251863FF00862F36 /* SwipeView.swift in Sources */ = {isa = PBXBuildFile; fileRef = 742A095C251863FF00862F36 /* SwipeView.swift */; };
		742A096125186A9900862F36 /* SwipeScene.swift in Sources */ = {isa = PBXBuildFile; fileRef = 742A096025186A9800862F36 /* SwipeScene.swift */; };
		742A096425186ADB00862F36 /* SwipeFrame.swift in Sources */ = {isa = PBXBuildFile; fileRef = 742A096325186ADB00862F36 /* SwipeFrame.swift */; };
		742A096725186B1D00862F36 /* SwipeElement.swift in Sources */ = {isa = PBXBuildFile; fileRef = 742A096625186B1D00862F36 /* SwipeElement.swift */; };
		742A096A2518D72700862F36 /* SwipeParser.swift in Sources */ = {isa = PBXBuildFile; fileRef = 742A09692518D72700862F36 /* SwipeParser.swift */; };
/* End PBXBuildFile section */

/* Begin PBXFileReference section */
		742A09442518632F00862F36 /* swipe20.app */ = {isa = PBXFileReference; explicitFileType = wrapper.application; includeInIndex = 0; path = swipe20.app; sourceTree = BUILT_PRODUCTS_DIR; };
		742A09472518632F00862F36 /* AppDelegate.swift */ = {isa = PBXFileReference; lastKnownFileType = sourcecode.swift; path = AppDelegate.swift; sourceTree = "<group>"; };
		742A09492518632F00862F36 /* ContentView.swift */ = {isa = PBXFileReference; lastKnownFileType = sourcecode.swift; path = ContentView.swift; sourceTree = "<group>"; };
		742A094B2518633100862F36 /* Assets.xcassets */ = {isa = PBXFileReference; lastKnownFileType = folder.assetcatalog; path = Assets.xcassets; sourceTree = "<group>"; };
		742A094E2518633100862F36 /* Preview Assets.xcassets */ = {isa = PBXFileReference; lastKnownFileType = folder.assetcatalog; path = "Preview Assets.xcassets"; sourceTree = "<group>"; };
		742A09512518633100862F36 /* Base */ = {isa = PBXFileReference; lastKnownFileType = file.storyboard; name = Base; path = Base.lproj/Main.storyboard; sourceTree = "<group>"; };
		742A09532518633100862F36 /* Info.plist */ = {isa = PBXFileReference; lastKnownFileType = text.plist.xml; path = Info.plist; sourceTree = "<group>"; };
		742A09542518633100862F36 /* swipe20.entitlements */ = {isa = PBXFileReference; lastKnownFileType = text.plist.entitlements; path = swipe20.entitlements; sourceTree = "<group>"; };
		742A095C251863FF00862F36 /* SwipeView.swift */ = {isa = PBXFileReference; lastKnownFileType = sourcecode.swift; path = SwipeView.swift; sourceTree = "<group>"; };
		742A096025186A9800862F36 /* SwipeScene.swift */ = {isa = PBXFileReference; lastKnownFileType = sourcecode.swift; path = SwipeScene.swift; sourceTree = "<group>"; };
		742A096325186ADB00862F36 /* SwipeFrame.swift */ = {isa = PBXFileReference; lastKnownFileType = sourcecode.swift; path = SwipeFrame.swift; sourceTree = "<group>"; };
		742A096625186B1D00862F36 /* SwipeElement.swift */ = {isa = PBXFileReference; lastKnownFileType = sourcecode.swift; path = SwipeElement.swift; sourceTree = "<group>"; };
		742A09692518D72700862F36 /* SwipeParser.swift */ = {isa = PBXFileReference; lastKnownFileType = sourcecode.swift; path = SwipeParser.swift; sourceTree = "<group>"; };
/* End PBXFileReference section */

/* Begin PBXFrameworksBuildPhase section */
		742A09412518632F00862F36 /* Frameworks */ = {
			isa = PBXFrameworksBuildPhase;
			buildActionMask = 2147483647;
			files = (
			);
			runOnlyForDeploymentPostprocessing = 0;
		};
/* End PBXFrameworksBuildPhase section */

/* Begin PBXGroup section */
		742A093B2518632F00862F36 = {
			isa = PBXGroup;
			children = (
				742A095B2518639C00862F36 /* core */,
				742A09462518632F00862F36 /* swipe20 */,
				742A09452518632F00862F36 /* Products */,
			);
			sourceTree = "<group>";
		};
		742A09452518632F00862F36 /* Products */ = {
			isa = PBXGroup;
			children = (
				742A09442518632F00862F36 /* swipe20.app */,
			);
			name = Products;
			sourceTree = "<group>";
		};
		742A09462518632F00862F36 /* swipe20 */ = {
			isa = PBXGroup;
			children = (
				742A09472518632F00862F36 /* AppDelegate.swift */,
				742A09492518632F00862F36 /* ContentView.swift */,
				742A094B2518633100862F36 /* Assets.xcassets */,
				742A09502518633100862F36 /* Main.storyboard */,
				742A09532518633100862F36 /* Info.plist */,
				742A09542518633100862F36 /* swipe20.entitlements */,
				742A094D2518633100862F36 /* Preview Content */,
				742A095C251863FF00862F36 /* SwipeView.swift */,
			);
			path = swipe20;
			sourceTree = "<group>";
		};
		742A094D2518633100862F36 /* Preview Content */ = {
			isa = PBXGroup;
			children = (
				742A094E2518633100862F36 /* Preview Assets.xcassets */,
			);
			path = "Preview Content";
			sourceTree = "<group>";
		};
		742A095B2518639C00862F36 /* core */ = {
			isa = PBXGroup;
			children = (
				742A096025186A9800862F36 /* SwipeScene.swift */,
				742A096625186B1D00862F36 /* SwipeElement.swift */,
				742A09692518D72700862F36 /* SwipeParser.swift */,
				742A096325186ADB00862F36 /* SwipeFrame.swift */,
			);
			path = core;
			sourceTree = "<group>";
		};
/* End PBXGroup section */

/* Begin PBXNativeTarget section */
		742A09432518632F00862F36 /* swipe20 */ = {
			isa = PBXNativeTarget;
			buildConfigurationList = 742A09572518633100862F36 /* Build configuration list for PBXNativeTarget "swipe20" */;
			buildPhases = (
				742A09402518632F00862F36 /* Sources */,
				742A09412518632F00862F36 /* Frameworks */,
				742A09422518632F00862F36 /* Resources */,
			);
			buildRules = (
			);
			dependencies = (
			);
			name = swipe20;
			productName = swipe20;
			productReference = 742A09442518632F00862F36 /* swipe20.app */;
			productType = "com.apple.product-type.application";
		};
/* End PBXNativeTarget section */

/* Begin PBXProject section */
		742A093C2518632F00862F36 /* Project object */ = {
			isa = PBXProject;
			attributes = {
				LastSwiftUpdateCheck = 1200;
				LastUpgradeCheck = 1200;
				TargetAttributes = {
					742A09432518632F00862F36 = {
						CreatedOnToolsVersion = 12.0;
					};
				};
			};
			buildConfigurationList = 742A093F2518632F00862F36 /* Build configuration list for PBXProject "swipe20" */;
			compatibilityVersion = "Xcode 9.3";
			developmentRegion = en;
			hasScannedForEncodings = 0;
			knownRegions = (
				en,
				Base,
			);
			mainGroup = 742A093B2518632F00862F36;
			productRefGroup = 742A09452518632F00862F36 /* Products */;
			projectDirPath = "";
			projectRoot = "";
			targets = (
				742A09432518632F00862F36 /* swipe20 */,
			);
		};
/* End PBXProject section */

/* Begin PBXResourcesBuildPhase section */
		742A09422518632F00862F36 /* Resources */ = {
			isa = PBXResourcesBuildPhase;
			buildActionMask = 2147483647;
			files = (
				742A09522518633100862F36 /* Main.storyboard in Resources */,
				742A094F2518633100862F36 /* Preview Assets.xcassets in Resources */,
				742A094C2518633100862F36 /* Assets.xcassets in Resources */,
			);
			runOnlyForDeploymentPostprocessing = 0;
		};
/* End PBXResourcesBuildPhase section */

/* Begin PBXSourcesBuildPhase section */
		742A09402518632F00862F36 /* Sources */ = {
			isa = PBXSourcesBuildPhase;
			buildActionMask = 2147483647;
			files = (
				742A095D251863FF00862F36 /* SwipeView.swift in Sources */,
				742A096725186B1D00862F36 /* SwipeElement.swift in Sources */,
				742A096125186A9900862F36 /* SwipeScene.swift in Sources */,
				742A094A2518632F00862F36 /* ContentView.swift in Sources */,
				742A096A2518D72700862F36 /* SwipeParser.swift in Sources */,
				742A096425186ADB00862F36 /* SwipeFrame.swift in Sources */,
				742A09482518632F00862F36 /* AppDelegate.swift in Sources */,
			);
			runOnlyForDeploymentPostprocessing = 0;
		};
/* End PBXSourcesBuildPhase section */

/* Begin PBXVariantGroup section */
		742A09502518633100862F36 /* Main.storyboard */ = {
			isa = PBXVariantGroup;
			children = (
				742A09512518633100862F36 /* Base */,
			);
			name = Main.storyboard;
			sourceTree = "<group>";
		};
/* End PBXVariantGroup section */

/* Begin XCBuildConfiguration section */
		742A09552518633100862F36 /* Debug */ = {
			isa = XCBuildConfiguration;
			buildSettings = {
				ALWAYS_SEARCH_USER_PATHS = NO;
				CLANG_ANALYZER_NONNULL = YES;
				CLANG_ANALYZER_NUMBER_OBJECT_CONVERSION = YES_AGGRESSIVE;
				CLANG_CXX_LANGUAGE_STANDARD = "gnu++14";
				CLANG_CXX_LIBRARY = "libc++";
				CLANG_ENABLE_MODULES = YES;
				CLANG_ENABLE_OBJC_ARC = YES;
				CLANG_ENABLE_OBJC_WEAK = YES;
				CLANG_WARN_BLOCK_CAPTURE_AUTORELEASING = YES;
				CLANG_WARN_BOOL_CONVERSION = YES;
				CLANG_WARN_COMMA = YES;
				CLANG_WARN_CONSTANT_CONVERSION = YES;
				CLANG_WARN_DEPRECATED_OBJC_IMPLEMENTATIONS = YES;
				CLANG_WARN_DIRECT_OBJC_ISA_USAGE = YES_ERROR;
				CLANG_WARN_DOCUMENTATION_COMMENTS = YES;
				CLANG_WARN_EMPTY_BODY = YES;
				CLANG_WARN_ENUM_CONVERSION = YES;
				CLANG_WARN_INFINITE_RECURSION = YES;
				CLANG_WARN_INT_CONVERSION = YES;
				CLANG_WARN_NON_LITERAL_NULL_CONVERSION = YES;
				CLANG_WARN_OBJC_IMPLICIT_RETAIN_SELF = YES;
				CLANG_WARN_OBJC_LITERAL_CONVERSION = YES;
				CLANG_WARN_OBJC_ROOT_CLASS = YES_ERROR;
				CLANG_WARN_QUOTED_INCLUDE_IN_FRAMEWORK_HEADER = YES;
				CLANG_WARN_RANGE_LOOP_ANALYSIS = YES;
				CLANG_WARN_STRICT_PROTOTYPES = YES;
				CLANG_WARN_SUSPICIOUS_MOVE = YES;
				CLANG_WARN_UNGUARDED_AVAILABILITY = YES_AGGRESSIVE;
				CLANG_WARN_UNREACHABLE_CODE = YES;
				CLANG_WARN__DUPLICATE_METHOD_MATCH = YES;
				COPY_PHASE_STRIP = NO;
				DEBUG_INFORMATION_FORMAT = dwarf;
				ENABLE_STRICT_OBJC_MSGSEND = YES;
				ENABLE_TESTABILITY = YES;
				GCC_C_LANGUAGE_STANDARD = gnu11;
				GCC_DYNAMIC_NO_PIC = NO;
				GCC_NO_COMMON_BLOCKS = YES;
				GCC_OPTIMIZATION_LEVEL = 0;
				GCC_PREPROCESSOR_DEFINITIONS = (
					"DEBUG=1",
					"$(inherited)",
				);
				GCC_WARN_64_TO_32_BIT_CONVERSION = YES;
				GCC_WARN_ABOUT_RETURN_TYPE = YES_ERROR;
				GCC_WARN_UNDECLARED_SELECTOR = YES;
				GCC_WARN_UNINITIALIZED_AUTOS = YES_AGGRESSIVE;
				GCC_WARN_UNUSED_FUNCTION = YES;
				GCC_WARN_UNUSED_VARIABLE = YES;
				MACOSX_DEPLOYMENT_TARGET = 10.15;
				MTL_ENABLE_DEBUG_INFO = INCLUDE_SOURCE;
				MTL_FAST_MATH = YES;
				ONLY_ACTIVE_ARCH = YES;
				SDKROOT = macosx;
				SWIFT_ACTIVE_COMPILATION_CONDITIONS = DEBUG;
				SWIFT_OPTIMIZATION_LEVEL = "-Onone";
			};
			name = Debug;
		};
		742A09562518633100862F36 /* Release */ = {
			isa = XCBuildConfiguration;
			buildSettings = {
				ALWAYS_SEARCH_USER_PATHS = NO;
				CLANG_ANALYZER_NONNULL = YES;
				CLANG_ANALYZER_NUMBER_OBJECT_CONVERSION = YES_AGGRESSIVE;
				CLANG_CXX_LANGUAGE_STANDARD = "gnu++14";
				CLANG_CXX_LIBRARY = "libc++";
				CLANG_ENABLE_MODULES = YES;
				CLANG_ENABLE_OBJC_ARC = YES;
				CLANG_ENABLE_OBJC_WEAK = YES;
				CLANG_WARN_BLOCK_CAPTURE_AUTORELEASING = YES;
				CLANG_WARN_BOOL_CONVERSION = YES;
				CLANG_WARN_COMMA = YES;
				CLANG_WARN_CONSTANT_CONVERSION = YES;
				CLANG_WARN_DEPRECATED_OBJC_IMPLEMENTATIONS = YES;
				CLANG_WARN_DIRECT_OBJC_ISA_USAGE = YES_ERROR;
				CLANG_WARN_DOCUMENTATION_COMMENTS = YES;
				CLANG_WARN_EMPTY_BODY = YES;
				CLANG_WARN_ENUM_CONVERSION = YES;
				CLANG_WARN_INFINITE_RECURSION = YES;
				CLANG_WARN_INT_CONVERSION = YES;
				CLANG_WARN_NON_LITERAL_NULL_CONVERSION = YES;
				CLANG_WARN_OBJC_IMPLICIT_RETAIN_SELF = YES;
				CLANG_WARN_OBJC_LITERAL_CONVERSION = YES;
				CLANG_WARN_OBJC_ROOT_CLASS = YES_ERROR;
				CLANG_WARN_QUOTED_INCLUDE_IN_FRAMEWORK_HEADER = YES;
				CLANG_WARN_RANGE_LOOP_ANALYSIS = YES;
				CLANG_WARN_STRICT_PROTOTYPES = YES;
				CLANG_WARN_SUSPICIOUS_MOVE = YES;
				CLANG_WARN_UNGUARDED_AVAILABILITY = YES_AGGRESSIVE;
				CLANG_WARN_UNREACHABLE_CODE = YES;
				CLANG_WARN__DUPLICATE_METHOD_MATCH = YES;
				COPY_PHASE_STRIP = NO;
				DEBUG_INFORMATION_FORMAT = "dwarf-with-dsym";
				ENABLE_NS_ASSERTIONS = NO;
				ENABLE_STRICT_OBJC_MSGSEND = YES;
				GCC_C_LANGUAGE_STANDARD = gnu11;
				GCC_NO_COMMON_BLOCKS = YES;
				GCC_WARN_64_TO_32_BIT_CONVERSION = YES;
				GCC_WARN_ABOUT_RETURN_TYPE = YES_ERROR;
				GCC_WARN_UNDECLARED_SELECTOR = YES;
				GCC_WARN_UNINITIALIZED_AUTOS = YES_AGGRESSIVE;
				GCC_WARN_UNUSED_FUNCTION = YES;
				GCC_WARN_UNUSED_VARIABLE = YES;
				MACOSX_DEPLOYMENT_TARGET = 10.15;
				MTL_ENABLE_DEBUG_INFO = NO;
				MTL_FAST_MATH = YES;
				SDKROOT = macosx;
				SWIFT_COMPILATION_MODE = wholemodule;
				SWIFT_OPTIMIZATION_LEVEL = "-O";
			};
			name = Release;
		};
		742A09582518633100862F36 /* Debug */ = {
			isa = XCBuildConfiguration;
			buildSettings = {
				ASSETCATALOG_COMPILER_APPICON_NAME = AppIcon;
				ASSETCATALOG_COMPILER_GLOBAL_ACCENT_COLOR_NAME = AccentColor;
				CODE_SIGN_ENTITLEMENTS = swipe20/swipe20.entitlements;
				CODE_SIGN_STYLE = Automatic;
				COMBINE_HIDPI_IMAGES = YES;
				DEVELOPMENT_ASSET_PATHS = "\"swipe20/Preview Content\"";
				DEVELOPMENT_TEAM = H34BY2CCCD;
				ENABLE_HARDENED_RUNTIME = YES;
				ENABLE_PREVIEWS = YES;
				INFOPLIST_FILE = swipe20/Info.plist;
				LD_RUNPATH_SEARCH_PATHS = (
					"$(inherited)",
					"@executable_path/../Frameworks",
				);
				MACOSX_DEPLOYMENT_TARGET = 10.15;
				PRODUCT_BUNDLE_IDENTIFIER = org.singularitysociety.swipe20;
				PRODUCT_NAME = "$(TARGET_NAME)";
				SWIFT_VERSION = 5.0;
			};
			name = Debug;
		};
		742A09592518633100862F36 /* Release */ = {
			isa = XCBuildConfiguration;
			buildSettings = {
				ASSETCATALOG_COMPILER_APPICON_NAME = AppIcon;
				ASSETCATALOG_COMPILER_GLOBAL_ACCENT_COLOR_NAME = AccentColor;
				CODE_SIGN_ENTITLEMENTS = swipe20/swipe20.entitlements;
				CODE_SIGN_STYLE = Automatic;
				COMBINE_HIDPI_IMAGES = YES;
				DEVELOPMENT_ASSET_PATHS = "\"swipe20/Preview Content\"";
				DEVELOPMENT_TEAM = H34BY2CCCD;
				ENABLE_HARDENED_RUNTIME = YES;
				ENABLE_PREVIEWS = YES;
				INFOPLIST_FILE = swipe20/Info.plist;
				LD_RUNPATH_SEARCH_PATHS = (
					"$(inherited)",
					"@executable_path/../Frameworks",
				);
				MACOSX_DEPLOYMENT_TARGET = 10.15;
				PRODUCT_BUNDLE_IDENTIFIER = org.singularitysociety.swipe20;
				PRODUCT_NAME = "$(TARGET_NAME)";
				SWIFT_VERSION = 5.0;
			};
			name = Release;
		};
/* End XCBuildConfiguration section */

/* Begin XCConfigurationList section */
		742A093F2518632F00862F36 /* Build configuration list for PBXProject "swipe20" */ = {
			isa = XCConfigurationList;
			buildConfigurations = (
				742A09552518633100862F36 /* Debug */,
				742A09562518633100862F36 /* Release */,
			);
			defaultConfigurationIsVisible = 0;
			defaultConfigurationName = Release;
		};
		742A09572518633100862F36 /* Build configuration list for PBXNativeTarget "swipe20" */ = {
			isa = XCConfigurationList;
			buildConfigurations = (
				742A09582518633100862F36 /* Debug */,
				742A09592518633100862F36 /* Release */,
			);
			defaultConfigurationIsVisible = 0;
			defaultConfigurationName = Release;
		};
/* End XCConfigurationList section */
	};
	rootObject = 742A093C2518632F00862F36 /* Project object */;
}
