// !$*UTF8*$!
{
	archiveVersion = 1;
	classes = {
	};
	objectVersion = 50;
	objects = {

/* Begin PBXBuildFile section */
		742A09482518632F00862F36 /* AppDelegate.swift in Sources */ = {isa = PBXBuildFile; fileRef = 742A09472518632F00862F36 /* AppDelegate.swift */; };
		742A094A2518632F00862F36 /* ContentView.swift in Sources */ = {isa = PBXBuildFile; fileRef = 742A09492518632F00862F36 /* ContentView.swift */; };
		742A094C2518633100862F36 /* Assets.xcassets in Resources */ = {isa = PBXBuildFile; fileRef = 742A094B2518633100862F36 /* Assets.xcassets */; };
		742A094F2518633100862F36 /* Preview Assets.xcassets in Resources */ = {isa = PBXBuildFile; fileRef = 742A094E2518633100862F36 /* Preview Assets.xcassets */; };
		742A09522518633100862F36 /* Main.storyboard in Resources */ = {isa = PBXBuildFile; fileRef = 742A09502518633100862F36 /* Main.storyboard */; };
		742A095D251863FF00862F36 /* SwipeView.swift in Sources */ = {isa = PBXBuildFile; fileRef = 742A095C251863FF00862F36 /* SwipeView.swift */; };
		742A096125186A9900862F36 /* SwipeScene.swift in Sources */ = {isa = PBXBuildFile; fileRef = 742A096025186A9800862F36 /* SwipeScene.swift */; };
		742A096425186ADB00862F36 /* SwipeFrame.swift in Sources */ = {isa = PBXBuildFile; fileRef = 742A096325186ADB00862F36 /* SwipeFrame.swift */; };
		742A096725186B1D00862F36 /* SwipeElement.swift in Sources */ = {isa = PBXBuildFile; fileRef = 742A096625186B1D00862F36 /* SwipeElement.swift */; };
		742A096A2518D72700862F36 /* SwipeParser.swift in Sources */ = {isa = PBXBuildFile; fileRef = 742A09692518D72700862F36 /* SwipeParser.swift */; };
		742A096E2519124C00862F36 /* Playground.swift in Sources */ = {isa = PBXBuildFile; fileRef = 742A096D2519124C00862F36 /* Playground.swift */; };
		742A09772519BC0300862F36 /* kodim03.png in Resources */ = {isa = PBXBuildFile; fileRef = 742A09762519BC0300862F36 /* kodim03.png */; };
		742A097E2519BC1C00862F36 /* kodim17.png in Resources */ = {isa = PBXBuildFile; fileRef = 742A097D2519BC1C00862F36 /* kodim17.png */; };
		742DFB0F25224E2F00A39C80 /* Jump.swipe in Resources */ = {isa = PBXBuildFile; fileRef = 742DFB0E25224E2F00A39C80 /* Jump.swipe */; };
		7465DEF32547248E000E8D74 /* SwipeStudio.swift in Sources */ = {isa = PBXBuildFile; fileRef = 7465DEF12547248E000E8D74 /* SwipeStudio.swift */; };
		7465DF0925472CF4000E8D74 /* SwipeStudio_LiteApp.swift in Sources */ = {isa = PBXBuildFile; fileRef = 7465DF0825472CF4000E8D74 /* SwipeStudio_LiteApp.swift */; };
		7465DF0D25472CF5000E8D74 /* Assets.xcassets in Resources */ = {isa = PBXBuildFile; fileRef = 7465DF0C25472CF5000E8D74 /* Assets.xcassets */; };
		7465DF1025472CF5000E8D74 /* Preview Assets.xcassets in Resources */ = {isa = PBXBuildFile; fileRef = 7465DF0F25472CF5000E8D74 /* Preview Assets.xcassets */; };
		7465DF1225472CF5000E8D74 /* Persistence.swift in Sources */ = {isa = PBXBuildFile; fileRef = 7465DF1125472CF5000E8D74 /* Persistence.swift */; };
		7465DF1525472CF5000E8D74 /* SwipeStudio_Lite.xcdatamodeld in Sources */ = {isa = PBXBuildFile; fileRef = 7465DF1325472CF5000E8D74 /* SwipeStudio_Lite.xcdatamodeld */; };
		7465DF2025472DB2000E8D74 /* SwipeSymbol.swift in Sources */ = {isa = PBXBuildFile; fileRef = 746E6676252AE4970041AEE0 /* SwipeSymbol.swift */; };
		7465DF2425472DBA000E8D74 /* SwipeStudio.swift in Sources */ = {isa = PBXBuildFile; fileRef = 7465DEF12547248E000E8D74 /* SwipeStudio.swift */; };
		7465DF2525472DBA000E8D74 /* SwipeCursor.swift in Sources */ = {isa = PBXBuildFile; fileRef = 746E66A9252D019F0041AEE0 /* SwipeCursor.swift */; };
		7465DF2625472DBB000E8D74 /* SwipeCanvas.swift in Sources */ = {isa = PBXBuildFile; fileRef = 746E66222528C6510041AEE0 /* SwipeCanvas.swift */; };
		7465DF2725472DBB000E8D74 /* SwipeSceneList.swift in Sources */ = {isa = PBXBuildFile; fileRef = 746E66A4252CDD970041AEE0 /* SwipeSceneList.swift */; };
		7465DF2825472DBB000E8D74 /* SwipeCanvasModel.swift in Sources */ = {isa = PBXBuildFile; fileRef = 746E66AE252D06EB0041AEE0 /* SwipeCanvasModel.swift */; };
		7465DF2C25472DC1000E8D74 /* SwipeCALayer.swift in Sources */ = {isa = PBXBuildFile; fileRef = 74FAC26A251CC5CC00DD29EF /* SwipeCALayer.swift */; };
		7465DF3025472DC5000E8D74 /* SwipeView.swift in Sources */ = {isa = PBXBuildFile; fileRef = 742A095C251863FF00862F36 /* SwipeView.swift */; };
		7465DF3125472DC5000E8D74 /* SwipeFileView.swift in Sources */ = {isa = PBXBuildFile; fileRef = 74BD7105251A691500F41F3D /* SwipeFileView.swift */; };
		7465DF3525472DCA000E8D74 /* SwipeElement.swift in Sources */ = {isa = PBXBuildFile; fileRef = 742A096625186B1D00862F36 /* SwipeElement.swift */; };
		7465DF3625472DCA000E8D74 /* SwipeAnimation.swift in Sources */ = {isa = PBXBuildFile; fileRef = 74FAC27B251D102900DD29EF /* SwipeAnimation.swift */; };
		7465DF3725472DCA000E8D74 /* SwipeFrame.swift in Sources */ = {isa = PBXBuildFile; fileRef = 742A096325186ADB00862F36 /* SwipeFrame.swift */; };
		7465DF3825472DCA000E8D74 /* SwipeRenderLayer.swift in Sources */ = {isa = PBXBuildFile; fileRef = 74FAC27E251D3D0E00DD29EF /* SwipeRenderLayer.swift */; };
		7465DF3925472DCA000E8D74 /* SwipeParser.swift in Sources */ = {isa = PBXBuildFile; fileRef = 742A09692518D72700862F36 /* SwipeParser.swift */; };
		7465DF3A25472DCA000E8D74 /* SwipePath.swift in Sources */ = {isa = PBXBuildFile; fileRef = 74FAC206251BBFA700DD29EF /* SwipePath.swift */; };
		7465DF3B25472DCA000E8D74 /* SwipeScene.swift in Sources */ = {isa = PBXBuildFile; fileRef = 742A096025186A9800862F36 /* SwipeScene.swift */; };
		7465DF3C25472DCA000E8D74 /* SwipeRenderProperties.swift in Sources */ = {isa = PBXBuildFile; fileRef = 74FAC287251D604900DD29EF /* SwipeRenderProperties.swift */; };
		7465DF4025472E20000E8D74 /* ContentView.swift in Sources */ = {isa = PBXBuildFile; fileRef = 7465DF0A25472CF4000E8D74 /* ContentView.swift */; };
		7465DF4725473148000E8D74 /* Jump.swipe in Resources */ = {isa = PBXBuildFile; fileRef = 742DFB0E25224E2F00A39C80 /* Jump.swipe */; };
		7465DF4825473148000E8D74 /* Slides.swipe in Resources */ = {isa = PBXBuildFile; fileRef = 74FAC304251E480200DD29EF /* Slides.swipe */; };
		7465DF4925473148000E8D74 /* kodim03.png in Resources */ = {isa = PBXBuildFile; fileRef = 742A09762519BC0300862F36 /* kodim03.png */; };
		7465DF4A25473148000E8D74 /* kodim17.png in Resources */ = {isa = PBXBuildFile; fileRef = 742A097D2519BC1C00862F36 /* kodim17.png */; };
		7465DF4B25473148000E8D74 /* Rotation.swipe in Resources */ = {isa = PBXBuildFile; fileRef = 74BD7111251AC0CB00F41F3D /* Rotation.swipe */; };
		7465DF4C25473148000E8D74 /* HelloWorld.swipe in Resources */ = {isa = PBXBuildFile; fileRef = 74BD710D251ABCE800F41F3D /* HelloWorld.swipe */; };
		7465DF4D25473148000E8D74 /* AnchorPoint.swipe in Resources */ = {isa = PBXBuildFile; fileRef = 74FAC266251CC09400DD29EF /* AnchorPoint.swipe */; };
		7465DF4E25473148000E8D74 /* Bounce.swipe in Resources */ = {isa = PBXBuildFile; fileRef = 74FAC284251D5CEE00DD29EF /* Bounce.swipe */; };
		7465DF4F25473148000E8D74 /* Shapes.swipe in Resources */ = {isa = PBXBuildFile; fileRef = 74FAC209251BC38900DD29EF /* Shapes.swipe */; };
		7465DF5025473148000E8D74 /* pngwave.png in Resources */ = {isa = PBXBuildFile; fileRef = 74FAC2FA251DBA8E00DD29EF /* pngwave.png */; };
		7465DF5125473148000E8D74 /* sample1.swipe in Resources */ = {isa = PBXBuildFile; fileRef = 74BD7102251A62CD00F41F3D /* sample1.swipe */; };
		7465DF5225473148000E8D74 /* Leap.swipe in Resources */ = {isa = PBXBuildFile; fileRef = 746E661E2527C6640041AEE0 /* Leap.swipe */; };
		7465DF5325473148000E8D74 /* Duration.swipe in Resources */ = {isa = PBXBuildFile; fileRef = 74BD7119251B094100F41F3D /* Duration.swipe */; };
		7465DF5425473148000E8D74 /* Slide0.png in Resources */ = {isa = PBXBuildFile; fileRef = 74FAC2FE251E46F600DD29EF /* Slide0.png */; };
		7465DF5525473148000E8D74 /* Nested.swipe in Resources */ = {isa = PBXBuildFile; fileRef = 74BD7114251AC9CE00F41F3D /* Nested.swipe */; };
		7465DF5625473148000E8D74 /* Slide2.png in Resources */ = {isa = PBXBuildFile; fileRef = 74FAC2FF251E46F600DD29EF /* Slide2.png */; };
		7465DF5725473148000E8D74 /* Opacity.swipe in Resources */ = {isa = PBXBuildFile; fileRef = 74FAC263251CBDC600DD29EF /* Opacity.swipe */; };
		7465DF5825473148000E8D74 /* SVGIcons.swipe in Resources */ = {isa = PBXBuildFile; fileRef = 746E6670252ADE600041AEE0 /* SVGIcons.swipe */; };
		7465DF5925473148000E8D74 /* Slide1.png in Resources */ = {isa = PBXBuildFile; fileRef = 74FAC2FD251E46F600DD29EF /* Slide1.png */; };
		746E661F2527C6640041AEE0 /* Leap.swipe in Resources */ = {isa = PBXBuildFile; fileRef = 746E661E2527C6640041AEE0 /* Leap.swipe */; };
		746E6630252AC6180041AEE0 /* AppDelegate.swift in Sources */ = {isa = PBXBuildFile; fileRef = 746E662F252AC6180041AEE0 /* AppDelegate.swift */; };
		746E6632252AC6180041AEE0 /* ContentView.swift in Sources */ = {isa = PBXBuildFile; fileRef = 746E6631252AC6180041AEE0 /* ContentView.swift */; };
		746E6635252AC6180041AEE0 /* SwipeStudio.xcdatamodeld in Sources */ = {isa = PBXBuildFile; fileRef = 746E6633252AC6180041AEE0 /* SwipeStudio.xcdatamodeld */; };
		746E6637252AC61B0041AEE0 /* Assets.xcassets in Resources */ = {isa = PBXBuildFile; fileRef = 746E6636252AC61B0041AEE0 /* Assets.xcassets */; };
		746E663A252AC61B0041AEE0 /* Preview Assets.xcassets in Resources */ = {isa = PBXBuildFile; fileRef = 746E6639252AC61B0041AEE0 /* Preview Assets.xcassets */; };
		746E663D252AC61B0041AEE0 /* Main.storyboard in Resources */ = {isa = PBXBuildFile; fileRef = 746E663B252AC61B0041AEE0 /* Main.storyboard */; };
		746E6645252AC64A0041AEE0 /* SwipeCanvas.swift in Sources */ = {isa = PBXBuildFile; fileRef = 746E66222528C6510041AEE0 /* SwipeCanvas.swift */; };
		746E6648252AC6530041AEE0 /* SwipeCALayer.swift in Sources */ = {isa = PBXBuildFile; fileRef = 74FAC26A251CC5CC00DD29EF /* SwipeCALayer.swift */; };
		746E664C252AC6620041AEE0 /* SwipeFileView.swift in Sources */ = {isa = PBXBuildFile; fileRef = 74BD7105251A691500F41F3D /* SwipeFileView.swift */; };
		746E664D252AC6620041AEE0 /* SwipeView.swift in Sources */ = {isa = PBXBuildFile; fileRef = 742A095C251863FF00862F36 /* SwipeView.swift */; };
		746E6650252AC6670041AEE0 /* SwipeElement.swift in Sources */ = {isa = PBXBuildFile; fileRef = 742A096625186B1D00862F36 /* SwipeElement.swift */; };
		746E6651252AC6670041AEE0 /* SwipeScene.swift in Sources */ = {isa = PBXBuildFile; fileRef = 742A096025186A9800862F36 /* SwipeScene.swift */; };
		746E6652252AC6670041AEE0 /* SwipeFrame.swift in Sources */ = {isa = PBXBuildFile; fileRef = 742A096325186ADB00862F36 /* SwipeFrame.swift */; };
		746E6653252AC6670041AEE0 /* SwipeRenderProperties.swift in Sources */ = {isa = PBXBuildFile; fileRef = 74FAC287251D604900DD29EF /* SwipeRenderProperties.swift */; };
		746E6654252AC6670041AEE0 /* SwipeAnimation.swift in Sources */ = {isa = PBXBuildFile; fileRef = 74FAC27B251D102900DD29EF /* SwipeAnimation.swift */; };
		746E6655252AC6670041AEE0 /* SwipePath.swift in Sources */ = {isa = PBXBuildFile; fileRef = 74FAC206251BBFA700DD29EF /* SwipePath.swift */; };
		746E6656252AC6670041AEE0 /* SwipeParser.swift in Sources */ = {isa = PBXBuildFile; fileRef = 742A09692518D72700862F36 /* SwipeParser.swift */; };
		746E6657252AC6670041AEE0 /* SwipeRenderLayer.swift in Sources */ = {isa = PBXBuildFile; fileRef = 74FAC27E251D3D0E00DD29EF /* SwipeRenderLayer.swift */; };
		746E665A252AC66E0041AEE0 /* Leap.swipe in Resources */ = {isa = PBXBuildFile; fileRef = 746E661E2527C6640041AEE0 /* Leap.swipe */; };
		746E665B252AC66E0041AEE0 /* Slide1.png in Resources */ = {isa = PBXBuildFile; fileRef = 74FAC2FD251E46F600DD29EF /* Slide1.png */; };
		746E665C252AC66E0041AEE0 /* Nested.swipe in Resources */ = {isa = PBXBuildFile; fileRef = 74BD7114251AC9CE00F41F3D /* Nested.swipe */; };
		746E665D252AC66E0041AEE0 /* pngwave.png in Resources */ = {isa = PBXBuildFile; fileRef = 74FAC2FA251DBA8E00DD29EF /* pngwave.png */; };
		746E665E252AC66E0041AEE0 /* sample1.swipe in Resources */ = {isa = PBXBuildFile; fileRef = 74BD7102251A62CD00F41F3D /* sample1.swipe */; };
		746E665F252AC66E0041AEE0 /* Slides.swipe in Resources */ = {isa = PBXBuildFile; fileRef = 74FAC304251E480200DD29EF /* Slides.swipe */; };
		746E6660252AC66E0041AEE0 /* Slide0.png in Resources */ = {isa = PBXBuildFile; fileRef = 74FAC2FE251E46F600DD29EF /* Slide0.png */; };
		746E6661252AC66E0041AEE0 /* AnchorPoint.swipe in Resources */ = {isa = PBXBuildFile; fileRef = 74FAC266251CC09400DD29EF /* AnchorPoint.swipe */; };
		746E6662252AC66E0041AEE0 /* kodim03.png in Resources */ = {isa = PBXBuildFile; fileRef = 742A09762519BC0300862F36 /* kodim03.png */; };
		746E6663252AC66E0041AEE0 /* Rotation.swipe in Resources */ = {isa = PBXBuildFile; fileRef = 74BD7111251AC0CB00F41F3D /* Rotation.swipe */; };
		746E6664252AC66E0041AEE0 /* Jump.swipe in Resources */ = {isa = PBXBuildFile; fileRef = 742DFB0E25224E2F00A39C80 /* Jump.swipe */; };
		746E6665252AC66E0041AEE0 /* Bounce.swipe in Resources */ = {isa = PBXBuildFile; fileRef = 74FAC284251D5CEE00DD29EF /* Bounce.swipe */; };
		746E6666252AC66E0041AEE0 /* Slide2.png in Resources */ = {isa = PBXBuildFile; fileRef = 74FAC2FF251E46F600DD29EF /* Slide2.png */; };
		746E6667252AC66E0041AEE0 /* kodim17.png in Resources */ = {isa = PBXBuildFile; fileRef = 742A097D2519BC1C00862F36 /* kodim17.png */; };
		746E6668252AC66E0041AEE0 /* Duration.swipe in Resources */ = {isa = PBXBuildFile; fileRef = 74BD7119251B094100F41F3D /* Duration.swipe */; };
		746E6669252AC66E0041AEE0 /* Opacity.swipe in Resources */ = {isa = PBXBuildFile; fileRef = 74FAC263251CBDC600DD29EF /* Opacity.swipe */; };
		746E666A252AC66E0041AEE0 /* Shapes.swipe in Resources */ = {isa = PBXBuildFile; fileRef = 74FAC209251BC38900DD29EF /* Shapes.swipe */; };
		746E666B252AC66E0041AEE0 /* HelloWorld.swipe in Resources */ = {isa = PBXBuildFile; fileRef = 74BD710D251ABCE800F41F3D /* HelloWorld.swipe */; };
		746E6671252ADE610041AEE0 /* SVGIcons.swipe in Resources */ = {isa = PBXBuildFile; fileRef = 746E6670252ADE600041AEE0 /* SVGIcons.swipe */; };
		746E6672252ADE610041AEE0 /* SVGIcons.swipe in Resources */ = {isa = PBXBuildFile; fileRef = 746E6670252ADE600041AEE0 /* SVGIcons.swipe */; };
		746E6677252AE4970041AEE0 /* SwipeSymbol.swift in Sources */ = {isa = PBXBuildFile; fileRef = 746E6676252AE4970041AEE0 /* SwipeSymbol.swift */; };
		746E6678252AE4970041AEE0 /* SwipeSymbol.swift in Sources */ = {isa = PBXBuildFile; fileRef = 746E6676252AE4970041AEE0 /* SwipeSymbol.swift */; };
		746E66A6252CDD990041AEE0 /* SwipeSceneList.swift in Sources */ = {isa = PBXBuildFile; fileRef = 746E66A4252CDD970041AEE0 /* SwipeSceneList.swift */; };
		746E66AB252D019F0041AEE0 /* SwipeCursor.swift in Sources */ = {isa = PBXBuildFile; fileRef = 746E66A9252D019F0041AEE0 /* SwipeCursor.swift */; };
		746E66B0252D06EB0041AEE0 /* SwipeCanvasModel.swift in Sources */ = {isa = PBXBuildFile; fileRef = 746E66AE252D06EB0041AEE0 /* SwipeCanvasModel.swift */; };
		74742FA2254C5EA800AF0362 /* Playground.swift in Sources */ = {isa = PBXBuildFile; fileRef = 74742FA1254C5EA800AF0362 /* Playground.swift */; };
		74B7AA2F251BA51E00495568 /* Playground2.swift in Sources */ = {isa = PBXBuildFile; fileRef = 74B7AA2E251BA51E00495568 /* Playground2.swift */; };
		74BD7103251A62CD00F41F3D /* sample1.swipe in Resources */ = {isa = PBXBuildFile; fileRef = 74BD7102251A62CD00F41F3D /* sample1.swipe */; };
		74BD7106251A691500F41F3D /* SwipeFileView.swift in Sources */ = {isa = PBXBuildFile; fileRef = 74BD7105251A691500F41F3D /* SwipeFileView.swift */; };
		74BD710E251ABCE800F41F3D /* HelloWorld.swipe in Resources */ = {isa = PBXBuildFile; fileRef = 74BD710D251ABCE800F41F3D /* HelloWorld.swipe */; };
		74BD7112251AC0CB00F41F3D /* Rotation.swipe in Resources */ = {isa = PBXBuildFile; fileRef = 74BD7111251AC0CB00F41F3D /* Rotation.swipe */; };
		74BD7115251AC9CE00F41F3D /* Nested.swipe in Resources */ = {isa = PBXBuildFile; fileRef = 74BD7114251AC9CE00F41F3D /* Nested.swipe */; };
		74BD711A251B094100F41F3D /* Duration.swipe in Resources */ = {isa = PBXBuildFile; fileRef = 74BD7119251B094100F41F3D /* Duration.swipe */; };
		74C934FF255707780042AA4C /* SwipeStroke.swift in Sources */ = {isa = PBXBuildFile; fileRef = 74C934F7255707310042AA4C /* SwipeStroke.swift */; };
		74C935062557077F0042AA4C /* SwipeStroke.swift in Sources */ = {isa = PBXBuildFile; fileRef = 74C934F7255707310042AA4C /* SwipeStroke.swift */; };
		74C9350B255709B00042AA4C /* SwipeDraw.swift in Sources */ = {isa = PBXBuildFile; fileRef = 74C9350A255709B00042AA4C /* SwipeDraw.swift */; };
		74C9350C255709B00042AA4C /* SwipeDraw.swift in Sources */ = {isa = PBXBuildFile; fileRef = 74C9350A255709B00042AA4C /* SwipeDraw.swift */; };
		74E8A17025575D3300D5C98C /* SwipeDrawModel.swift in Sources */ = {isa = PBXBuildFile; fileRef = 74E8A16F25575D3300D5C98C /* SwipeDrawModel.swift */; };
		74E8A17125575D3300D5C98C /* SwipeDrawModel.swift in Sources */ = {isa = PBXBuildFile; fileRef = 74E8A16F25575D3300D5C98C /* SwipeDrawModel.swift */; };
		74FAC207251BBFA700DD29EF /* SwipePath.swift in Sources */ = {isa = PBXBuildFile; fileRef = 74FAC206251BBFA700DD29EF /* SwipePath.swift */; };
		74FAC20A251BC38900DD29EF /* Shapes.swipe in Resources */ = {isa = PBXBuildFile; fileRef = 74FAC209251BC38900DD29EF /* Shapes.swipe */; };
		74FAC264251CBDC600DD29EF /* Opacity.swipe in Resources */ = {isa = PBXBuildFile; fileRef = 74FAC263251CBDC600DD29EF /* Opacity.swipe */; };
		74FAC267251CC09400DD29EF /* AnchorPoint.swipe in Resources */ = {isa = PBXBuildFile; fileRef = 74FAC266251CC09400DD29EF /* AnchorPoint.swipe */; };
		74FAC26B251CC5CC00DD29EF /* SwipeCALayer.swift in Sources */ = {isa = PBXBuildFile; fileRef = 74FAC26A251CC5CC00DD29EF /* SwipeCALayer.swift */; };
		74FAC27C251D102900DD29EF /* SwipeAnimation.swift in Sources */ = {isa = PBXBuildFile; fileRef = 74FAC27B251D102900DD29EF /* SwipeAnimation.swift */; };
		74FAC27F251D3D0E00DD29EF /* SwipeRenderLayer.swift in Sources */ = {isa = PBXBuildFile; fileRef = 74FAC27E251D3D0E00DD29EF /* SwipeRenderLayer.swift */; };
		74FAC285251D5CEE00DD29EF /* Bounce.swipe in Resources */ = {isa = PBXBuildFile; fileRef = 74FAC284251D5CEE00DD29EF /* Bounce.swipe */; };
		74FAC288251D604900DD29EF /* SwipeRenderProperties.swift in Sources */ = {isa = PBXBuildFile; fileRef = 74FAC287251D604900DD29EF /* SwipeRenderProperties.swift */; };
		74FAC2FB251DBA8E00DD29EF /* pngwave.png in Resources */ = {isa = PBXBuildFile; fileRef = 74FAC2FA251DBA8E00DD29EF /* pngwave.png */; };
		74FAC300251E46F600DD29EF /* Slide1.png in Resources */ = {isa = PBXBuildFile; fileRef = 74FAC2FD251E46F600DD29EF /* Slide1.png */; };
		74FAC301251E46F600DD29EF /* Slide0.png in Resources */ = {isa = PBXBuildFile; fileRef = 74FAC2FE251E46F600DD29EF /* Slide0.png */; };
		74FAC302251E46F600DD29EF /* Slide2.png in Resources */ = {isa = PBXBuildFile; fileRef = 74FAC2FF251E46F600DD29EF /* Slide2.png */; };
		74FAC305251E480200DD29EF /* Slides.swipe in Resources */ = {isa = PBXBuildFile; fileRef = 74FAC304251E480200DD29EF /* Slides.swipe */; };
/* End PBXBuildFile section */

/* Begin PBXFileReference section */
		742A09442518632F00862F36 /* swipe20.app */ = {isa = PBXFileReference; explicitFileType = wrapper.application; includeInIndex = 0; path = swipe20.app; sourceTree = BUILT_PRODUCTS_DIR; };
		742A09472518632F00862F36 /* AppDelegate.swift */ = {isa = PBXFileReference; lastKnownFileType = sourcecode.swift; path = AppDelegate.swift; sourceTree = "<group>"; };
		742A09492518632F00862F36 /* ContentView.swift */ = {isa = PBXFileReference; lastKnownFileType = sourcecode.swift; path = ContentView.swift; sourceTree = "<group>"; };
		742A094B2518633100862F36 /* Assets.xcassets */ = {isa = PBXFileReference; lastKnownFileType = folder.assetcatalog; path = Assets.xcassets; sourceTree = "<group>"; };
		742A094E2518633100862F36 /* Preview Assets.xcassets */ = {isa = PBXFileReference; lastKnownFileType = folder.assetcatalog; path = "Preview Assets.xcassets"; sourceTree = "<group>"; };
		742A09512518633100862F36 /* Base */ = {isa = PBXFileReference; lastKnownFileType = file.storyboard; name = Base; path = Base.lproj/Main.storyboard; sourceTree = "<group>"; };
		742A09532518633100862F36 /* Info.plist */ = {isa = PBXFileReference; lastKnownFileType = text.plist.xml; path = Info.plist; sourceTree = "<group>"; };
		742A09542518633100862F36 /* swipe20.entitlements */ = {isa = PBXFileReference; lastKnownFileType = text.plist.entitlements; path = swipe20.entitlements; sourceTree = "<group>"; };
		742A095C251863FF00862F36 /* SwipeView.swift */ = {isa = PBXFileReference; lastKnownFileType = sourcecode.swift; path = SwipeView.swift; sourceTree = "<group>"; };
		742A096025186A9800862F36 /* SwipeScene.swift */ = {isa = PBXFileReference; lastKnownFileType = sourcecode.swift; path = SwipeScene.swift; sourceTree = "<group>"; };
		742A096325186ADB00862F36 /* SwipeFrame.swift */ = {isa = PBXFileReference; lastKnownFileType = sourcecode.swift; path = SwipeFrame.swift; sourceTree = "<group>"; };
		742A096625186B1D00862F36 /* SwipeElement.swift */ = {isa = PBXFileReference; lastKnownFileType = sourcecode.swift; path = SwipeElement.swift; sourceTree = "<group>"; };
		742A09692518D72700862F36 /* SwipeParser.swift */ = {isa = PBXFileReference; lastKnownFileType = sourcecode.swift; path = SwipeParser.swift; sourceTree = "<group>"; };
		742A096D2519124C00862F36 /* Playground.swift */ = {isa = PBXFileReference; lastKnownFileType = sourcecode.swift; path = Playground.swift; sourceTree = "<group>"; };
		742A09762519BC0300862F36 /* kodim03.png */ = {isa = PBXFileReference; lastKnownFileType = image.png; path = kodim03.png; sourceTree = "<group>"; };
		742A097D2519BC1C00862F36 /* kodim17.png */ = {isa = PBXFileReference; lastKnownFileType = image.png; path = kodim17.png; sourceTree = "<group>"; };
		742DFB0E25224E2F00A39C80 /* Jump.swipe */ = {isa = PBXFileReference; fileEncoding = 4; lastKnownFileType = text; path = Jump.swipe; sourceTree = "<group>"; };
		7465DEF12547248E000E8D74 /* SwipeStudio.swift */ = {isa = PBXFileReference; lastKnownFileType = sourcecode.swift; path = SwipeStudio.swift; sourceTree = "<group>"; };
		7465DF0625472CF4000E8D74 /* SwipeStudio Lite.app */ = {isa = PBXFileReference; explicitFileType = wrapper.application; includeInIndex = 0; path = "SwipeStudio Lite.app"; sourceTree = BUILT_PRODUCTS_DIR; };
		7465DF0825472CF4000E8D74 /* SwipeStudio_LiteApp.swift */ = {isa = PBXFileReference; lastKnownFileType = sourcecode.swift; path = SwipeStudio_LiteApp.swift; sourceTree = "<group>"; };
		7465DF0A25472CF4000E8D74 /* ContentView.swift */ = {isa = PBXFileReference; lastKnownFileType = sourcecode.swift; path = ContentView.swift; sourceTree = "<group>"; };
		7465DF0C25472CF5000E8D74 /* Assets.xcassets */ = {isa = PBXFileReference; lastKnownFileType = folder.assetcatalog; path = Assets.xcassets; sourceTree = "<group>"; };
		7465DF0F25472CF5000E8D74 /* Preview Assets.xcassets */ = {isa = PBXFileReference; lastKnownFileType = folder.assetcatalog; path = "Preview Assets.xcassets"; sourceTree = "<group>"; };
		7465DF1125472CF5000E8D74 /* Persistence.swift */ = {isa = PBXFileReference; lastKnownFileType = sourcecode.swift; path = Persistence.swift; sourceTree = "<group>"; };
		7465DF1425472CF5000E8D74 /* SwipeStudio_Lite.xcdatamodel */ = {isa = PBXFileReference; lastKnownFileType = wrapper.xcdatamodel; path = SwipeStudio_Lite.xcdatamodel; sourceTree = "<group>"; };
		7465DF1625472CF5000E8D74 /* Info.plist */ = {isa = PBXFileReference; lastKnownFileType = text.plist.xml; path = Info.plist; sourceTree = "<group>"; };
		746E661E2527C6640041AEE0 /* Leap.swipe */ = {isa = PBXFileReference; fileEncoding = 4; lastKnownFileType = text; path = Leap.swipe; sourceTree = "<group>"; };
		746E66222528C6510041AEE0 /* SwipeCanvas.swift */ = {isa = PBXFileReference; lastKnownFileType = sourcecode.swift; path = SwipeCanvas.swift; sourceTree = "<group>"; };
		746E662D252AC6180041AEE0 /* SwipeStudio.app */ = {isa = PBXFileReference; explicitFileType = wrapper.application; includeInIndex = 0; path = SwipeStudio.app; sourceTree = BUILT_PRODUCTS_DIR; };
		746E662F252AC6180041AEE0 /* AppDelegate.swift */ = {isa = PBXFileReference; lastKnownFileType = sourcecode.swift; path = AppDelegate.swift; sourceTree = "<group>"; };
		746E6631252AC6180041AEE0 /* ContentView.swift */ = {isa = PBXFileReference; lastKnownFileType = sourcecode.swift; path = ContentView.swift; sourceTree = "<group>"; };
		746E6634252AC6180041AEE0 /* SwipeStudio.xcdatamodel */ = {isa = PBXFileReference; lastKnownFileType = wrapper.xcdatamodel; path = SwipeStudio.xcdatamodel; sourceTree = "<group>"; };
		746E6636252AC61B0041AEE0 /* Assets.xcassets */ = {isa = PBXFileReference; lastKnownFileType = folder.assetcatalog; path = Assets.xcassets; sourceTree = "<group>"; };
		746E6639252AC61B0041AEE0 /* Preview Assets.xcassets */ = {isa = PBXFileReference; lastKnownFileType = folder.assetcatalog; path = "Preview Assets.xcassets"; sourceTree = "<group>"; };
		746E663C252AC61B0041AEE0 /* Base */ = {isa = PBXFileReference; lastKnownFileType = file.storyboard; name = Base; path = Base.lproj/Main.storyboard; sourceTree = "<group>"; };
		746E663E252AC61B0041AEE0 /* Info.plist */ = {isa = PBXFileReference; lastKnownFileType = text.plist.xml; path = Info.plist; sourceTree = "<group>"; };
		746E663F252AC61B0041AEE0 /* SwipeStudio.entitlements */ = {isa = PBXFileReference; lastKnownFileType = text.plist.entitlements; path = SwipeStudio.entitlements; sourceTree = "<group>"; };
		746E6670252ADE600041AEE0 /* SVGIcons.swipe */ = {isa = PBXFileReference; fileEncoding = 4; lastKnownFileType = text; path = SVGIcons.swipe; sourceTree = "<group>"; };
		746E6676252AE4970041AEE0 /* SwipeSymbol.swift */ = {isa = PBXFileReference; lastKnownFileType = sourcecode.swift; path = SwipeSymbol.swift; sourceTree = "<group>"; };
		746E66A4252CDD970041AEE0 /* SwipeSceneList.swift */ = {isa = PBXFileReference; lastKnownFileType = sourcecode.swift; path = SwipeSceneList.swift; sourceTree = "<group>"; };
		746E66A9252D019F0041AEE0 /* SwipeCursor.swift */ = {isa = PBXFileReference; lastKnownFileType = sourcecode.swift; path = SwipeCursor.swift; sourceTree = "<group>"; };
		746E66AE252D06EB0041AEE0 /* SwipeCanvasModel.swift */ = {isa = PBXFileReference; lastKnownFileType = sourcecode.swift; path = SwipeCanvasModel.swift; sourceTree = "<group>"; };
		74742FA1254C5EA800AF0362 /* Playground.swift */ = {isa = PBXFileReference; lastKnownFileType = sourcecode.swift; path = Playground.swift; sourceTree = "<group>"; };
		74B7AA2E251BA51E00495568 /* Playground2.swift */ = {isa = PBXFileReference; lastKnownFileType = sourcecode.swift; path = Playground2.swift; sourceTree = "<group>"; };
		74BD7102251A62CD00F41F3D /* sample1.swipe */ = {isa = PBXFileReference; lastKnownFileType = text; path = sample1.swipe; sourceTree = "<group>"; };
		74BD7105251A691500F41F3D /* SwipeFileView.swift */ = {isa = PBXFileReference; lastKnownFileType = sourcecode.swift; path = SwipeFileView.swift; sourceTree = "<group>"; };
		74BD710A251A718A00F41F3D /* README.md */ = {isa = PBXFileReference; lastKnownFileType = net.daringfireball.markdown; path = README.md; sourceTree = "<group>"; };
		74BD710D251ABCE800F41F3D /* HelloWorld.swipe */ = {isa = PBXFileReference; fileEncoding = 4; lastKnownFileType = text; path = HelloWorld.swipe; sourceTree = "<group>"; };
		74BD7111251AC0CB00F41F3D /* Rotation.swipe */ = {isa = PBXFileReference; fileEncoding = 4; lastKnownFileType = text; path = Rotation.swipe; sourceTree = "<group>"; };
		74BD7114251AC9CE00F41F3D /* Nested.swipe */ = {isa = PBXFileReference; fileEncoding = 4; lastKnownFileType = text; path = Nested.swipe; sourceTree = "<group>"; };
		74BD7119251B094100F41F3D /* Duration.swipe */ = {isa = PBXFileReference; fileEncoding = 4; lastKnownFileType = text; path = Duration.swipe; sourceTree = "<group>"; };
		74C934F7255707310042AA4C /* SwipeStroke.swift */ = {isa = PBXFileReference; lastKnownFileType = sourcecode.swift; path = SwipeStroke.swift; sourceTree = "<group>"; };
		74C9350A255709B00042AA4C /* SwipeDraw.swift */ = {isa = PBXFileReference; lastKnownFileType = sourcecode.swift; path = SwipeDraw.swift; sourceTree = "<group>"; };
		74E8A16F25575D3300D5C98C /* SwipeDrawModel.swift */ = {isa = PBXFileReference; lastKnownFileType = sourcecode.swift; path = SwipeDrawModel.swift; sourceTree = "<group>"; };
		74FAC206251BBFA700DD29EF /* SwipePath.swift */ = {isa = PBXFileReference; lastKnownFileType = sourcecode.swift; path = SwipePath.swift; sourceTree = "<group>"; };
		74FAC209251BC38900DD29EF /* Shapes.swipe */ = {isa = PBXFileReference; fileEncoding = 4; lastKnownFileType = text; path = Shapes.swipe; sourceTree = "<group>"; };
		74FAC263251CBDC600DD29EF /* Opacity.swipe */ = {isa = PBXFileReference; fileEncoding = 4; lastKnownFileType = text; path = Opacity.swipe; sourceTree = "<group>"; };
		74FAC266251CC09400DD29EF /* AnchorPoint.swipe */ = {isa = PBXFileReference; fileEncoding = 4; lastKnownFileType = text; path = AnchorPoint.swipe; sourceTree = "<group>"; };
		74FAC26A251CC5CC00DD29EF /* SwipeCALayer.swift */ = {isa = PBXFileReference; lastKnownFileType = sourcecode.swift; path = SwipeCALayer.swift; sourceTree = "<group>"; };
		74FAC27B251D102900DD29EF /* SwipeAnimation.swift */ = {isa = PBXFileReference; lastKnownFileType = sourcecode.swift; path = SwipeAnimation.swift; sourceTree = "<group>"; };
		74FAC27E251D3D0E00DD29EF /* SwipeRenderLayer.swift */ = {isa = PBXFileReference; lastKnownFileType = sourcecode.swift; path = SwipeRenderLayer.swift; sourceTree = "<group>"; };
		74FAC284251D5CEE00DD29EF /* Bounce.swipe */ = {isa = PBXFileReference; fileEncoding = 4; lastKnownFileType = text; path = Bounce.swipe; sourceTree = "<group>"; };
		74FAC287251D604900DD29EF /* SwipeRenderProperties.swift */ = {isa = PBXFileReference; lastKnownFileType = sourcecode.swift; path = SwipeRenderProperties.swift; sourceTree = "<group>"; };
		74FAC2FA251DBA8E00DD29EF /* pngwave.png */ = {isa = PBXFileReference; lastKnownFileType = image.png; path = pngwave.png; sourceTree = "<group>"; };
		74FAC2FD251E46F600DD29EF /* Slide1.png */ = {isa = PBXFileReference; lastKnownFileType = image.png; path = Slide1.png; sourceTree = "<group>"; };
		74FAC2FE251E46F600DD29EF /* Slide0.png */ = {isa = PBXFileReference; lastKnownFileType = image.png; path = Slide0.png; sourceTree = "<group>"; };
		74FAC2FF251E46F600DD29EF /* Slide2.png */ = {isa = PBXFileReference; lastKnownFileType = image.png; path = Slide2.png; sourceTree = "<group>"; };
		74FAC304251E480200DD29EF /* Slides.swipe */ = {isa = PBXFileReference; fileEncoding = 4; lastKnownFileType = text; path = Slides.swipe; sourceTree = "<group>"; };
/* End PBXFileReference section */

/* Begin PBXFrameworksBuildPhase section */
		742A09412518632F00862F36 /* Frameworks */ = {
			isa = PBXFrameworksBuildPhase;
			buildActionMask = 2147483647;
			files = (
			);
			runOnlyForDeploymentPostprocessing = 0;
		};
		7465DF0325472CF4000E8D74 /* Frameworks */ = {
			isa = PBXFrameworksBuildPhase;
			buildActionMask = 2147483647;
			files = (
			);
			runOnlyForDeploymentPostprocessing = 0;
		};
		746E662A252AC6180041AEE0 /* Frameworks */ = {
			isa = PBXFrameworksBuildPhase;
			buildActionMask = 2147483647;
			files = (
			);
			runOnlyForDeploymentPostprocessing = 0;
		};
/* End PBXFrameworksBuildPhase section */

/* Begin PBXGroup section */
		742A093B2518632F00862F36 = {
			isa = PBXGroup;
			children = (
				74360A052520C0CA009EDBAF /* swipe */,
				74BD710A251A718A00F41F3D /* README.md */,
				74BD7108251A6CDF00F41F3D /* resources */,
				742A09462518632F00862F36 /* swipe20 */,
				746E662E252AC6180041AEE0 /* SwipeStudio */,
				7465DF0725472CF4000E8D74 /* SwipeStudio Lite */,
				742A09452518632F00862F36 /* Products */,
			);
			sourceTree = "<group>";
		};
		742A09452518632F00862F36 /* Products */ = {
			isa = PBXGroup;
			children = (
				742A09442518632F00862F36 /* swipe20.app */,
				746E662D252AC6180041AEE0 /* SwipeStudio.app */,
				7465DF0625472CF4000E8D74 /* SwipeStudio Lite.app */,
			);
			name = Products;
			sourceTree = "<group>";
		};
		742A09462518632F00862F36 /* swipe20 */ = {
			isa = PBXGroup;
			children = (
				742A09472518632F00862F36 /* AppDelegate.swift */,
				742A09492518632F00862F36 /* ContentView.swift */,
				742A094B2518633100862F36 /* Assets.xcassets */,
				742A09502518633100862F36 /* Main.storyboard */,
				742A09532518633100862F36 /* Info.plist */,
				742A09542518633100862F36 /* swipe20.entitlements */,
				742A094D2518633100862F36 /* Preview Content */,
				742A096D2519124C00862F36 /* Playground.swift */,
				74B7AA2E251BA51E00495568 /* Playground2.swift */,
			);
			path = swipe20;
			sourceTree = "<group>";
		};
		742A094D2518633100862F36 /* Preview Content */ = {
			isa = PBXGroup;
			children = (
				742A094E2518633100862F36 /* Preview Assets.xcassets */,
			);
			path = "Preview Content";
			sourceTree = "<group>";
		};
		742A095B2518639C00862F36 /* core */ = {
			isa = PBXGroup;
			children = (
				742A096025186A9800862F36 /* SwipeScene.swift */,
				742A096325186ADB00862F36 /* SwipeFrame.swift */,
				742A096625186B1D00862F36 /* SwipeElement.swift */,
				74FAC206251BBFA700DD29EF /* SwipePath.swift */,
				742A09692518D72700862F36 /* SwipeParser.swift */,
				74FAC27B251D102900DD29EF /* SwipeAnimation.swift */,
				74FAC27E251D3D0E00DD29EF /* SwipeRenderLayer.swift */,
				74FAC287251D604900DD29EF /* SwipeRenderProperties.swift */,
			);
			path = core;
			sourceTree = "<group>";
		};
		742DFAE42522100400A39C80 /* OSView */ = {
			isa = PBXGroup;
			children = (
				742A095C251863FF00862F36 /* SwipeView.swift */,
			);
			path = OSView;
			sourceTree = "<group>";
		};
		742DFAE52522109A00A39C80 /* layer */ = {
			isa = PBXGroup;
			children = (
				74FAC26A251CC5CC00DD29EF /* SwipeCALayer.swift */,
			);
			path = layer;
			sourceTree = "<group>";
		};
		74360A052520C0CA009EDBAF /* swipe */ = {
			isa = PBXGroup;
			children = (
				74C934F62557071C0042AA4C /* draw */,
				7465DF60254735BB000E8D74 /* etc */,
				746E6675252AE47D0041AEE0 /* util */,
				746E66212528C6330041AEE0 /* studio */,
				742DFAE52522109A00A39C80 /* layer */,
				742DFAE42522100400A39C80 /* OSView */,
				742A095B2518639C00862F36 /* core */,
			);
			path = swipe;
			sourceTree = "<group>";
		};
		7465DF0725472CF4000E8D74 /* SwipeStudio Lite */ = {
			isa = PBXGroup;
			children = (
				7465DF0825472CF4000E8D74 /* SwipeStudio_LiteApp.swift */,
				7465DF0A25472CF4000E8D74 /* ContentView.swift */,
				7465DF0C25472CF5000E8D74 /* Assets.xcassets */,
				7465DF1125472CF5000E8D74 /* Persistence.swift */,
				7465DF1625472CF5000E8D74 /* Info.plist */,
				7465DF1325472CF5000E8D74 /* SwipeStudio_Lite.xcdatamodeld */,
				7465DF0E25472CF5000E8D74 /* Preview Content */,
				74742FA1254C5EA800AF0362 /* Playground.swift */,
			);
			path = "SwipeStudio Lite";
			sourceTree = "<group>";
		};
		7465DF0E25472CF5000E8D74 /* Preview Content */ = {
			isa = PBXGroup;
			children = (
				7465DF0F25472CF5000E8D74 /* Preview Assets.xcassets */,
			);
			path = "Preview Content";
			sourceTree = "<group>";
		};
		7465DF60254735BB000E8D74 /* etc */ = {
			isa = PBXGroup;
			children = (
				74BD7105251A691500F41F3D /* SwipeFileView.swift */,
			);
			path = etc;
			sourceTree = "<group>";
		};
		746E66212528C6330041AEE0 /* studio */ = {
			isa = PBXGroup;
			children = (
				7465DEF12547248E000E8D74 /* SwipeStudio.swift */,
				746E66222528C6510041AEE0 /* SwipeCanvas.swift */,
				746E66AE252D06EB0041AEE0 /* SwipeCanvasModel.swift */,
				746E66A9252D019F0041AEE0 /* SwipeCursor.swift */,
				746E66A4252CDD970041AEE0 /* SwipeSceneList.swift */,
			);
			path = studio;
			sourceTree = "<group>";
		};
		746E662E252AC6180041AEE0 /* SwipeStudio */ = {
			isa = PBXGroup;
			children = (
				746E662F252AC6180041AEE0 /* AppDelegate.swift */,
				746E6631252AC6180041AEE0 /* ContentView.swift */,
				746E6636252AC61B0041AEE0 /* Assets.xcassets */,
				746E663B252AC61B0041AEE0 /* Main.storyboard */,
				746E663E252AC61B0041AEE0 /* Info.plist */,
				746E663F252AC61B0041AEE0 /* SwipeStudio.entitlements */,
				746E6633252AC6180041AEE0 /* SwipeStudio.xcdatamodeld */,
				746E6638252AC61B0041AEE0 /* Preview Content */,
			);
			path = SwipeStudio;
			sourceTree = "<group>";
		};
		746E6638252AC61B0041AEE0 /* Preview Content */ = {
			isa = PBXGroup;
			children = (
				746E6639252AC61B0041AEE0 /* Preview Assets.xcassets */,
			);
			path = "Preview Content";
			sourceTree = "<group>";
		};
		746E6675252AE47D0041AEE0 /* util */ = {
			isa = PBXGroup;
			children = (
				746E6676252AE4970041AEE0 /* SwipeSymbol.swift */,
			);
			path = util;
			sourceTree = "<group>";
		};
		74BD7108251A6CDF00F41F3D /* resources */ = {
			isa = PBXGroup;
			children = (
				74FAC2FA251DBA8E00DD29EF /* pngwave.png */,
				742A09762519BC0300862F36 /* kodim03.png */,
				742A097D2519BC1C00862F36 /* kodim17.png */,
				74BD7102251A62CD00F41F3D /* sample1.swipe */,
				74BD710D251ABCE800F41F3D /* HelloWorld.swipe */,
				74FAC209251BC38900DD29EF /* Shapes.swipe */,
				746E6670252ADE600041AEE0 /* SVGIcons.swipe */,
				74BD7114251AC9CE00F41F3D /* Nested.swipe */,
				74BD7111251AC0CB00F41F3D /* Rotation.swipe */,
				74FAC284251D5CEE00DD29EF /* Bounce.swipe */,
				742DFB0E25224E2F00A39C80 /* Jump.swipe */,
				746E661E2527C6640041AEE0 /* Leap.swipe */,
				74FAC304251E480200DD29EF /* Slides.swipe */,
				74FAC266251CC09400DD29EF /* AnchorPoint.swipe */,
				74FAC263251CBDC600DD29EF /* Opacity.swipe */,
				74BD7119251B094100F41F3D /* Duration.swipe */,
				74FAC2FE251E46F600DD29EF /* Slide0.png */,
				74FAC2FD251E46F600DD29EF /* Slide1.png */,
				74FAC2FF251E46F600DD29EF /* Slide2.png */,
			);
			path = resources;
			sourceTree = "<group>";
		};
		74C934F62557071C0042AA4C /* draw */ = {
			isa = PBXGroup;
			children = (
				74C934F7255707310042AA4C /* SwipeStroke.swift */,
				74C9350A255709B00042AA4C /* SwipeDraw.swift */,
				74E8A16F25575D3300D5C98C /* SwipeDrawModel.swift */,
			);
			path = draw;
			sourceTree = "<group>";
		};
/* End PBXGroup section */

/* Begin PBXNativeTarget section */
		742A09432518632F00862F36 /* swipe20 */ = {
			isa = PBXNativeTarget;
			buildConfigurationList = 742A09572518633100862F36 /* Build configuration list for PBXNativeTarget "swipe20" */;
			buildPhases = (
				742A09402518632F00862F36 /* Sources */,
				742A09412518632F00862F36 /* Frameworks */,
				742A09422518632F00862F36 /* Resources */,
			);
			buildRules = (
			);
			dependencies = (
			);
			name = swipe20;
			productName = swipe20;
			productReference = 742A09442518632F00862F36 /* swipe20.app */;
			productType = "com.apple.product-type.application";
		};
		7465DF0525472CF4000E8D74 /* SwipeStudio Lite */ = {
			isa = PBXNativeTarget;
			buildConfigurationList = 7465DF1725472CF5000E8D74 /* Build configuration list for PBXNativeTarget "SwipeStudio Lite" */;
			buildPhases = (
				7465DF0225472CF4000E8D74 /* Sources */,
				7465DF0325472CF4000E8D74 /* Frameworks */,
				7465DF0425472CF4000E8D74 /* Resources */,
			);
			buildRules = (
			);
			dependencies = (
			);
			name = "SwipeStudio Lite";
			productName = "SwipeStudio Lite";
			productReference = 7465DF0625472CF4000E8D74 /* SwipeStudio Lite.app */;
			productType = "com.apple.product-type.application";
		};
		746E662C252AC6180041AEE0 /* SwipeStudio */ = {
			isa = PBXNativeTarget;
			buildConfigurationList = 746E6640252AC61B0041AEE0 /* Build configuration list for PBXNativeTarget "SwipeStudio" */;
			buildPhases = (
				746E6629252AC6180041AEE0 /* Sources */,
				746E662A252AC6180041AEE0 /* Frameworks */,
				746E662B252AC6180041AEE0 /* Resources */,
			);
			buildRules = (
			);
			dependencies = (
			);
			name = SwipeStudio;
			productName = SwipeStudio;
			productReference = 746E662D252AC6180041AEE0 /* SwipeStudio.app */;
			productType = "com.apple.product-type.application";
		};
/* End PBXNativeTarget section */

/* Begin PBXProject section */
		742A093C2518632F00862F36 /* Project object */ = {
			isa = PBXProject;
			attributes = {
				LastSwiftUpdateCheck = 1220;
				LastUpgradeCheck = 1220;
				TargetAttributes = {
					742A09432518632F00862F36 = {
						CreatedOnToolsVersion = 12.0;
					};
					7465DF0525472CF4000E8D74 = {
						CreatedOnToolsVersion = 12.2;
					};
					746E662C252AC6180041AEE0 = {
						CreatedOnToolsVersion = 12.0;
					};
				};
			};
			buildConfigurationList = 742A093F2518632F00862F36 /* Build configuration list for PBXProject "swipe_dev" */;
			compatibilityVersion = "Xcode 9.3";
			developmentRegion = en;
			hasScannedForEncodings = 0;
			knownRegions = (
				en,
				Base,
			);
			mainGroup = 742A093B2518632F00862F36;
			productRefGroup = 742A09452518632F00862F36 /* Products */;
			projectDirPath = "";
			projectRoot = "";
			targets = (
				742A09432518632F00862F36 /* swipe20 */,
				746E662C252AC6180041AEE0 /* SwipeStudio */,
				7465DF0525472CF4000E8D74 /* SwipeStudio Lite */,
			);
		};
/* End PBXProject section */

/* Begin PBXResourcesBuildPhase section */
		742A09422518632F00862F36 /* Resources */ = {
			isa = PBXResourcesBuildPhase;
			buildActionMask = 2147483647;
			files = (
				74FAC264251CBDC600DD29EF /* Opacity.swipe in Resources */,
				74FAC285251D5CEE00DD29EF /* Bounce.swipe in Resources */,
				74FAC302251E46F600DD29EF /* Slide2.png in Resources */,
				74FAC305251E480200DD29EF /* Slides.swipe in Resources */,
				746E661F2527C6640041AEE0 /* Leap.swipe in Resources */,
				74BD711A251B094100F41F3D /* Duration.swipe in Resources */,
				74FAC20A251BC38900DD29EF /* Shapes.swipe in Resources */,
				74FAC301251E46F600DD29EF /* Slide0.png in Resources */,
				742A09522518633100862F36 /* Main.storyboard in Resources */,
				742DFB0F25224E2F00A39C80 /* Jump.swipe in Resources */,
				746E6671252ADE610041AEE0 /* SVGIcons.swipe in Resources */,
				742A097E2519BC1C00862F36 /* kodim17.png in Resources */,
				742A094F2518633100862F36 /* Preview Assets.xcassets in Resources */,
				74FAC267251CC09400DD29EF /* AnchorPoint.swipe in Resources */,
				742A09772519BC0300862F36 /* kodim03.png in Resources */,
				74BD7112251AC0CB00F41F3D /* Rotation.swipe in Resources */,
				742A094C2518633100862F36 /* Assets.xcassets in Resources */,
				74FAC2FB251DBA8E00DD29EF /* pngwave.png in Resources */,
				74BD7115251AC9CE00F41F3D /* Nested.swipe in Resources */,
				74BD710E251ABCE800F41F3D /* HelloWorld.swipe in Resources */,
				74BD7103251A62CD00F41F3D /* sample1.swipe in Resources */,
				74FAC300251E46F600DD29EF /* Slide1.png in Resources */,
			);
			runOnlyForDeploymentPostprocessing = 0;
		};
		7465DF0425472CF4000E8D74 /* Resources */ = {
			isa = PBXResourcesBuildPhase;
			buildActionMask = 2147483647;
			files = (
				7465DF4B25473148000E8D74 /* Rotation.swipe in Resources */,
				7465DF4F25473148000E8D74 /* Shapes.swipe in Resources */,
				7465DF5625473148000E8D74 /* Slide2.png in Resources */,
				7465DF5025473148000E8D74 /* pngwave.png in Resources */,
				7465DF1025472CF5000E8D74 /* Preview Assets.xcassets in Resources */,
				7465DF5525473148000E8D74 /* Nested.swipe in Resources */,
				7465DF5225473148000E8D74 /* Leap.swipe in Resources */,
				7465DF4C25473148000E8D74 /* HelloWorld.swipe in Resources */,
				7465DF4725473148000E8D74 /* Jump.swipe in Resources */,
				7465DF4D25473148000E8D74 /* AnchorPoint.swipe in Resources */,
				7465DF4A25473148000E8D74 /* kodim17.png in Resources */,
				7465DF4E25473148000E8D74 /* Bounce.swipe in Resources */,
				7465DF5825473148000E8D74 /* SVGIcons.swipe in Resources */,
				7465DF5325473148000E8D74 /* Duration.swipe in Resources */,
				7465DF5125473148000E8D74 /* sample1.swipe in Resources */,
				7465DF5925473148000E8D74 /* Slide1.png in Resources */,
				7465DF4825473148000E8D74 /* Slides.swipe in Resources */,
				7465DF4925473148000E8D74 /* kodim03.png in Resources */,
				7465DF5725473148000E8D74 /* Opacity.swipe in Resources */,
				7465DF5425473148000E8D74 /* Slide0.png in Resources */,
				7465DF0D25472CF5000E8D74 /* Assets.xcassets in Resources */,
			);
			runOnlyForDeploymentPostprocessing = 0;
		};
		746E662B252AC6180041AEE0 /* Resources */ = {
			isa = PBXResourcesBuildPhase;
			buildActionMask = 2147483647;
			files = (
				746E6666252AC66E0041AEE0 /* Slide2.png in Resources */,
				746E663D252AC61B0041AEE0 /* Main.storyboard in Resources */,
				746E666A252AC66E0041AEE0 /* Shapes.swipe in Resources */,
				746E6665252AC66E0041AEE0 /* Bounce.swipe in Resources */,
				746E6667252AC66E0041AEE0 /* kodim17.png in Resources */,
				746E663A252AC61B0041AEE0 /* Preview Assets.xcassets in Resources */,
				746E665F252AC66E0041AEE0 /* Slides.swipe in Resources */,
				746E665A252AC66E0041AEE0 /* Leap.swipe in Resources */,
				746E666B252AC66E0041AEE0 /* HelloWorld.swipe in Resources */,
				746E6664252AC66E0041AEE0 /* Jump.swipe in Resources */,
				746E6672252ADE610041AEE0 /* SVGIcons.swipe in Resources */,
				746E6663252AC66E0041AEE0 /* Rotation.swipe in Resources */,
				746E665C252AC66E0041AEE0 /* Nested.swipe in Resources */,
				746E6668252AC66E0041AEE0 /* Duration.swipe in Resources */,
				746E6662252AC66E0041AEE0 /* kodim03.png in Resources */,
				746E665D252AC66E0041AEE0 /* pngwave.png in Resources */,
				746E665B252AC66E0041AEE0 /* Slide1.png in Resources */,
				746E665E252AC66E0041AEE0 /* sample1.swipe in Resources */,
				746E6661252AC66E0041AEE0 /* AnchorPoint.swipe in Resources */,
				746E6669252AC66E0041AEE0 /* Opacity.swipe in Resources */,
				746E6660252AC66E0041AEE0 /* Slide0.png in Resources */,
				746E6637252AC61B0041AEE0 /* Assets.xcassets in Resources */,
			);
			runOnlyForDeploymentPostprocessing = 0;
		};
/* End PBXResourcesBuildPhase section */

/* Begin PBXSourcesBuildPhase section */
		742A09402518632F00862F36 /* Sources */ = {
			isa = PBXSourcesBuildPhase;
			buildActionMask = 2147483647;
			files = (
				746E6677252AE4970041AEE0 /* SwipeSymbol.swift in Sources */,
				742A096E2519124C00862F36 /* Playground.swift in Sources */,
				742A095D251863FF00862F36 /* SwipeView.swift in Sources */,
				74FAC26B251CC5CC00DD29EF /* SwipeCALayer.swift in Sources */,
				74FAC27C251D102900DD29EF /* SwipeAnimation.swift in Sources */,
				74FAC207251BBFA700DD29EF /* SwipePath.swift in Sources */,
				742A096725186B1D00862F36 /* SwipeElement.swift in Sources */,
				742A096125186A9900862F36 /* SwipeScene.swift in Sources */,
				742A094A2518632F00862F36 /* ContentView.swift in Sources */,
				74B7AA2F251BA51E00495568 /* Playground2.swift in Sources */,
				74FAC27F251D3D0E00DD29EF /* SwipeRenderLayer.swift in Sources */,
				74FAC288251D604900DD29EF /* SwipeRenderProperties.swift in Sources */,
				742A096A2518D72700862F36 /* SwipeParser.swift in Sources */,
				742A096425186ADB00862F36 /* SwipeFrame.swift in Sources */,
				742A09482518632F00862F36 /* AppDelegate.swift in Sources */,
				74BD7106251A691500F41F3D /* SwipeFileView.swift in Sources */,
			);
			runOnlyForDeploymentPostprocessing = 0;
		};
		7465DF0225472CF4000E8D74 /* Sources */ = {
			isa = PBXSourcesBuildPhase;
			buildActionMask = 2147483647;
			files = (
				7465DF1225472CF5000E8D74 /* Persistence.swift in Sources */,
				74E8A17125575D3300D5C98C /* SwipeDrawModel.swift in Sources */,
				7465DF3725472DCA000E8D74 /* SwipeFrame.swift in Sources */,
				7465DF4025472E20000E8D74 /* ContentView.swift in Sources */,
				7465DF3925472DCA000E8D74 /* SwipeParser.swift in Sources */,
				7465DF3C25472DCA000E8D74 /* SwipeRenderProperties.swift in Sources */,
				7465DF2725472DBB000E8D74 /* SwipeSceneList.swift in Sources */,
				7465DF3025472DC5000E8D74 /* SwipeView.swift in Sources */,
				74C935062557077F0042AA4C /* SwipeStroke.swift in Sources */,
				7465DF3625472DCA000E8D74 /* SwipeAnimation.swift in Sources */,
				7465DF2425472DBA000E8D74 /* SwipeStudio.swift in Sources */,
				7465DF3825472DCA000E8D74 /* SwipeRenderLayer.swift in Sources */,
				7465DF2625472DBB000E8D74 /* SwipeCanvas.swift in Sources */,
				7465DF3B25472DCA000E8D74 /* SwipeScene.swift in Sources */,
				7465DF3125472DC5000E8D74 /* SwipeFileView.swift in Sources */,
				7465DF2C25472DC1000E8D74 /* SwipeCALayer.swift in Sources */,
				74742FA2254C5EA800AF0362 /* Playground.swift in Sources */,
				74C9350C255709B00042AA4C /* SwipeDraw.swift in Sources */,
				7465DF1525472CF5000E8D74 /* SwipeStudio_Lite.xcdatamodeld in Sources */,
				7465DF2025472DB2000E8D74 /* SwipeSymbol.swift in Sources */,
				7465DF3525472DCA000E8D74 /* SwipeElement.swift in Sources */,
				7465DF2825472DBB000E8D74 /* SwipeCanvasModel.swift in Sources */,
				7465DF3A25472DCA000E8D74 /* SwipePath.swift in Sources */,
				7465DF2525472DBA000E8D74 /* SwipeCursor.swift in Sources */,
				7465DF0925472CF4000E8D74 /* SwipeStudio_LiteApp.swift in Sources */,
			);
			runOnlyForDeploymentPostprocessing = 0;
		};
		746E6629252AC6180041AEE0 /* Sources */ = {
			isa = PBXSourcesBuildPhase;
			buildActionMask = 2147483647;
			files = (
				746E6654252AC6670041AEE0 /* SwipeAnimation.swift in Sources */,
				746E6655252AC6670041AEE0 /* SwipePath.swift in Sources */,
				746E6645252AC64A0041AEE0 /* SwipeCanvas.swift in Sources */,
				746E6632252AC6180041AEE0 /* ContentView.swift in Sources */,
				74C9350B255709B00042AA4C /* SwipeDraw.swift in Sources */,
				746E6630252AC6180041AEE0 /* AppDelegate.swift in Sources */,
				74E8A17025575D3300D5C98C /* SwipeDrawModel.swift in Sources */,
				74C934FF255707780042AA4C /* SwipeStroke.swift in Sources */,
				746E6656252AC6670041AEE0 /* SwipeParser.swift in Sources */,
				746E6657252AC6670041AEE0 /* SwipeRenderLayer.swift in Sources */,
				746E6653252AC6670041AEE0 /* SwipeRenderProperties.swift in Sources */,
				746E6651252AC6670041AEE0 /* SwipeScene.swift in Sources */,
				746E664C252AC6620041AEE0 /* SwipeFileView.swift in Sources */,
				746E6652252AC6670041AEE0 /* SwipeFrame.swift in Sources */,
				746E66A6252CDD990041AEE0 /* SwipeSceneList.swift in Sources */,
				746E6635252AC6180041AEE0 /* SwipeStudio.xcdatamodeld in Sources */,
				746E664D252AC6620041AEE0 /* SwipeView.swift in Sources */,
				746E6648252AC6530041AEE0 /* SwipeCALayer.swift in Sources */,
				746E6650252AC6670041AEE0 /* SwipeElement.swift in Sources */,
				7465DEF32547248E000E8D74 /* SwipeStudio.swift in Sources */,
				746E6678252AE4970041AEE0 /* SwipeSymbol.swift in Sources */,
				746E66B0252D06EB0041AEE0 /* SwipeCanvasModel.swift in Sources */,
				746E66AB252D019F0041AEE0 /* SwipeCursor.swift in Sources */,
			);
			runOnlyForDeploymentPostprocessing = 0;
		};
/* End PBXSourcesBuildPhase section */

/* Begin PBXVariantGroup section */
		742A09502518633100862F36 /* Main.storyboard */ = {
			isa = PBXVariantGroup;
			children = (
				742A09512518633100862F36 /* Base */,
			);
			name = Main.storyboard;
			sourceTree = "<group>";
		};
		746E663B252AC61B0041AEE0 /* Main.storyboard */ = {
			isa = PBXVariantGroup;
			children = (
				746E663C252AC61B0041AEE0 /* Base */,
			);
			name = Main.storyboard;
			sourceTree = "<group>";
		};
/* End PBXVariantGroup section */

/* Begin XCBuildConfiguration section */
		742A09552518633100862F36 /* Debug */ = {
			isa = XCBuildConfiguration;
			buildSettings = {
				ALWAYS_SEARCH_USER_PATHS = NO;
				CLANG_ANALYZER_NONNULL = YES;
				CLANG_ANALYZER_NUMBER_OBJECT_CONVERSION = YES_AGGRESSIVE;
				CLANG_CXX_LANGUAGE_STANDARD = "gnu++14";
				CLANG_CXX_LIBRARY = "libc++";
				CLANG_ENABLE_MODULES = YES;
				CLANG_ENABLE_OBJC_ARC = YES;
				CLANG_ENABLE_OBJC_WEAK = YES;
				CLANG_WARN_BLOCK_CAPTURE_AUTORELEASING = YES;
				CLANG_WARN_BOOL_CONVERSION = YES;
				CLANG_WARN_COMMA = YES;
				CLANG_WARN_CONSTANT_CONVERSION = YES;
				CLANG_WARN_DEPRECATED_OBJC_IMPLEMENTATIONS = YES;
				CLANG_WARN_DIRECT_OBJC_ISA_USAGE = YES_ERROR;
				CLANG_WARN_DOCUMENTATION_COMMENTS = YES;
				CLANG_WARN_EMPTY_BODY = YES;
				CLANG_WARN_ENUM_CONVERSION = YES;
				CLANG_WARN_INFINITE_RECURSION = YES;
				CLANG_WARN_INT_CONVERSION = YES;
				CLANG_WARN_NON_LITERAL_NULL_CONVERSION = YES;
				CLANG_WARN_OBJC_IMPLICIT_RETAIN_SELF = YES;
				CLANG_WARN_OBJC_LITERAL_CONVERSION = YES;
				CLANG_WARN_OBJC_ROOT_CLASS = YES_ERROR;
				CLANG_WARN_QUOTED_INCLUDE_IN_FRAMEWORK_HEADER = YES;
				CLANG_WARN_RANGE_LOOP_ANALYSIS = YES;
				CLANG_WARN_STRICT_PROTOTYPES = YES;
				CLANG_WARN_SUSPICIOUS_MOVE = YES;
				CLANG_WARN_UNGUARDED_AVAILABILITY = YES_AGGRESSIVE;
				CLANG_WARN_UNREACHABLE_CODE = YES;
				CLANG_WARN__DUPLICATE_METHOD_MATCH = YES;
				COPY_PHASE_STRIP = NO;
				DEBUG_INFORMATION_FORMAT = dwarf;
				ENABLE_STRICT_OBJC_MSGSEND = YES;
				ENABLE_TESTABILITY = YES;
				GCC_C_LANGUAGE_STANDARD = gnu11;
				GCC_DYNAMIC_NO_PIC = NO;
				GCC_NO_COMMON_BLOCKS = YES;
				GCC_OPTIMIZATION_LEVEL = 0;
				GCC_PREPROCESSOR_DEFINITIONS = (
					"DEBUG=1",
					"$(inherited)",
				);
				GCC_WARN_64_TO_32_BIT_CONVERSION = YES;
				GCC_WARN_ABOUT_RETURN_TYPE = YES_ERROR;
				GCC_WARN_UNDECLARED_SELECTOR = YES;
				GCC_WARN_UNINITIALIZED_AUTOS = YES_AGGRESSIVE;
				GCC_WARN_UNUSED_FUNCTION = YES;
				GCC_WARN_UNUSED_VARIABLE = YES;
				MACOSX_DEPLOYMENT_TARGET = 10.14;
				MTL_ENABLE_DEBUG_INFO = INCLUDE_SOURCE;
				MTL_FAST_MATH = YES;
				ONLY_ACTIVE_ARCH = YES;
				SDKROOT = macosx;
				SWIFT_ACTIVE_COMPILATION_CONDITIONS = DEBUG;
				SWIFT_OPTIMIZATION_LEVEL = "-Onone";
			};
			name = Debug;
		};
		742A09562518633100862F36 /* Release */ = {
			isa = XCBuildConfiguration;
			buildSettings = {
				ALWAYS_SEARCH_USER_PATHS = NO;
				CLANG_ANALYZER_NONNULL = YES;
				CLANG_ANALYZER_NUMBER_OBJECT_CONVERSION = YES_AGGRESSIVE;
				CLANG_CXX_LANGUAGE_STANDARD = "gnu++14";
				CLANG_CXX_LIBRARY = "libc++";
				CLANG_ENABLE_MODULES = YES;
				CLANG_ENABLE_OBJC_ARC = YES;
				CLANG_ENABLE_OBJC_WEAK = YES;
				CLANG_WARN_BLOCK_CAPTURE_AUTORELEASING = YES;
				CLANG_WARN_BOOL_CONVERSION = YES;
				CLANG_WARN_COMMA = YES;
				CLANG_WARN_CONSTANT_CONVERSION = YES;
				CLANG_WARN_DEPRECATED_OBJC_IMPLEMENTATIONS = YES;
				CLANG_WARN_DIRECT_OBJC_ISA_USAGE = YES_ERROR;
				CLANG_WARN_DOCUMENTATION_COMMENTS = YES;
				CLANG_WARN_EMPTY_BODY = YES;
				CLANG_WARN_ENUM_CONVERSION = YES;
				CLANG_WARN_INFINITE_RECURSION = YES;
				CLANG_WARN_INT_CONVERSION = YES;
				CLANG_WARN_NON_LITERAL_NULL_CONVERSION = YES;
				CLANG_WARN_OBJC_IMPLICIT_RETAIN_SELF = YES;
				CLANG_WARN_OBJC_LITERAL_CONVERSION = YES;
				CLANG_WARN_OBJC_ROOT_CLASS = YES_ERROR;
				CLANG_WARN_QUOTED_INCLUDE_IN_FRAMEWORK_HEADER = YES;
				CLANG_WARN_RANGE_LOOP_ANALYSIS = YES;
				CLANG_WARN_STRICT_PROTOTYPES = YES;
				CLANG_WARN_SUSPICIOUS_MOVE = YES;
				CLANG_WARN_UNGUARDED_AVAILABILITY = YES_AGGRESSIVE;
				CLANG_WARN_UNREACHABLE_CODE = YES;
				CLANG_WARN__DUPLICATE_METHOD_MATCH = YES;
				COPY_PHASE_STRIP = NO;
				DEBUG_INFORMATION_FORMAT = "dwarf-with-dsym";
				ENABLE_NS_ASSERTIONS = NO;
				ENABLE_STRICT_OBJC_MSGSEND = YES;
				GCC_C_LANGUAGE_STANDARD = gnu11;
				GCC_NO_COMMON_BLOCKS = YES;
				GCC_WARN_64_TO_32_BIT_CONVERSION = YES;
				GCC_WARN_ABOUT_RETURN_TYPE = YES_ERROR;
				GCC_WARN_UNDECLARED_SELECTOR = YES;
				GCC_WARN_UNINITIALIZED_AUTOS = YES_AGGRESSIVE;
				GCC_WARN_UNUSED_FUNCTION = YES;
				GCC_WARN_UNUSED_VARIABLE = YES;
				MACOSX_DEPLOYMENT_TARGET = 10.14;
				MTL_ENABLE_DEBUG_INFO = NO;
				MTL_FAST_MATH = YES;
				SDKROOT = macosx;
				SWIFT_COMPILATION_MODE = wholemodule;
				SWIFT_OPTIMIZATION_LEVEL = "-O";
			};
			name = Release;
		};
		742A09582518633100862F36 /* Debug */ = {
			isa = XCBuildConfiguration;
			buildSettings = {
				ASSETCATALOG_COMPILER_APPICON_NAME = AppIcon;
				ASSETCATALOG_COMPILER_GLOBAL_ACCENT_COLOR_NAME = AccentColor;
				CODE_SIGN_ENTITLEMENTS = swipe20/swipe20.entitlements;
				CODE_SIGN_IDENTITY = "-";
				CODE_SIGN_STYLE = Automatic;
				COMBINE_HIDPI_IMAGES = YES;
				DEVELOPMENT_ASSET_PATHS = "\"swipe20/Preview Content\"";
				DEVELOPMENT_TEAM = H34BY2CCCD;
				ENABLE_HARDENED_RUNTIME = YES;
				ENABLE_PREVIEWS = YES;
				INFOPLIST_FILE = swipe20/Info.plist;
				LD_RUNPATH_SEARCH_PATHS = (
					"$(inherited)",
					"@executable_path/../Frameworks",
				);
				MACOSX_DEPLOYMENT_TARGET = 10.15;
				PRODUCT_BUNDLE_IDENTIFIER = org.singularitysociety.swipe20;
				PRODUCT_NAME = "$(TARGET_NAME)";
				SWIFT_VERSION = 5.0;
			};
			name = Debug;
		};
		742A09592518633100862F36 /* Release */ = {
			isa = XCBuildConfiguration;
			buildSettings = {
				ASSETCATALOG_COMPILER_APPICON_NAME = AppIcon;
				ASSETCATALOG_COMPILER_GLOBAL_ACCENT_COLOR_NAME = AccentColor;
				CODE_SIGN_ENTITLEMENTS = swipe20/swipe20.entitlements;
				CODE_SIGN_IDENTITY = "-";
				CODE_SIGN_STYLE = Automatic;
				COMBINE_HIDPI_IMAGES = YES;
				DEVELOPMENT_ASSET_PATHS = "\"swipe20/Preview Content\"";
				DEVELOPMENT_TEAM = H34BY2CCCD;
				ENABLE_HARDENED_RUNTIME = YES;
				ENABLE_PREVIEWS = YES;
				INFOPLIST_FILE = swipe20/Info.plist;
				LD_RUNPATH_SEARCH_PATHS = (
					"$(inherited)",
					"@executable_path/../Frameworks",
				);
				MACOSX_DEPLOYMENT_TARGET = 10.15;
				PRODUCT_BUNDLE_IDENTIFIER = org.singularitysociety.swipe20;
				PRODUCT_NAME = "$(TARGET_NAME)";
				SWIFT_VERSION = 5.0;
			};
			name = Release;
		};
		7465DF1825472CF5000E8D74 /* Debug */ = {
			isa = XCBuildConfiguration;
			buildSettings = {
				ASSETCATALOG_COMPILER_APPICON_NAME = AppIcon;
				ASSETCATALOG_COMPILER_GLOBAL_ACCENT_COLOR_NAME = AccentColor;
				CODE_SIGN_STYLE = Automatic;
				DEVELOPMENT_ASSET_PATHS = "\"SwipeStudio Lite/Preview Content\"";
				DEVELOPMENT_TEAM = H34BY2CCCD;
				ENABLE_PREVIEWS = YES;
				INFOPLIST_FILE = "SwipeStudio Lite/Info.plist";
				IPHONEOS_DEPLOYMENT_TARGET = 14.0;
				LD_RUNPATH_SEARCH_PATHS = (
					"$(inherited)",
					"@executable_path/Frameworks",
				);
				PRODUCT_BUNDLE_IDENTIFIER = "org.singularitysociety.SwipeStudio-Lite";
				PRODUCT_NAME = "$(TARGET_NAME)";
				SDKROOT = iphoneos;
				SWIFT_VERSION = 5.0;
				TARGETED_DEVICE_FAMILY = "1,2";
			};
			name = Debug;
		};
		7465DF1925472CF5000E8D74 /* Release */ = {
			isa = XCBuildConfiguration;
			buildSettings = {
				ASSETCATALOG_COMPILER_APPICON_NAME = AppIcon;
				ASSETCATALOG_COMPILER_GLOBAL_ACCENT_COLOR_NAME = AccentColor;
				CODE_SIGN_STYLE = Automatic;
				DEVELOPMENT_ASSET_PATHS = "\"SwipeStudio Lite/Preview Content\"";
				DEVELOPMENT_TEAM = H34BY2CCCD;
				ENABLE_PREVIEWS = YES;
				INFOPLIST_FILE = "SwipeStudio Lite/Info.plist";
				IPHONEOS_DEPLOYMENT_TARGET = 14.0;
				LD_RUNPATH_SEARCH_PATHS = (
					"$(inherited)",
					"@executable_path/Frameworks",
				);
				PRODUCT_BUNDLE_IDENTIFIER = "org.singularitysociety.SwipeStudio-Lite";
				PRODUCT_NAME = "$(TARGET_NAME)";
				SDKROOT = iphoneos;
				SWIFT_VERSION = 5.0;
				TARGETED_DEVICE_FAMILY = "1,2";
				VALIDATE_PRODUCT = YES;
			};
			name = Release;
		};
		746E6641252AC61B0041AEE0 /* Debug */ = {
			isa = XCBuildConfiguration;
			buildSettings = {
				ASSETCATALOG_COMPILER_APPICON_NAME = AppIcon;
				ASSETCATALOG_COMPILER_GLOBAL_ACCENT_COLOR_NAME = AccentColor;
				CODE_SIGN_ENTITLEMENTS = SwipeStudio/SwipeStudio.entitlements;
				CODE_SIGN_IDENTITY = "Apple Development";
				CODE_SIGN_STYLE = Automatic;
				COMBINE_HIDPI_IMAGES = YES;
				DEVELOPMENT_ASSET_PATHS = "\"SwipeStudio/Preview Content\"";
				DEVELOPMENT_TEAM = H34BY2CCCD;
				ENABLE_HARDENED_RUNTIME = YES;
				ENABLE_PREVIEWS = YES;
				INFOPLIST_FILE = SwipeStudio/Info.plist;
				LD_RUNPATH_SEARCH_PATHS = (
					"$(inherited)",
					"@executable_path/../Frameworks",
				);
				MACOSX_DEPLOYMENT_TARGET = 10.15;
				PRODUCT_BUNDLE_IDENTIFIER = org.singularitysociety.SwipeStudio;
				PRODUCT_NAME = "$(TARGET_NAME)";
				SWIFT_VERSION = 5.0;
			};
			name = Debug;
		};
		746E6642252AC61B0041AEE0 /* Release */ = {
			isa = XCBuildConfiguration;
			buildSettings = {
				ASSETCATALOG_COMPILER_APPICON_NAME = AppIcon;
				ASSETCATALOG_COMPILER_GLOBAL_ACCENT_COLOR_NAME = AccentColor;
				CODE_SIGN_ENTITLEMENTS = SwipeStudio/SwipeStudio.entitlements;
				CODE_SIGN_IDENTITY = "Apple Development";
				CODE_SIGN_STYLE = Automatic;
				COMBINE_HIDPI_IMAGES = YES;
				DEVELOPMENT_ASSET_PATHS = "\"SwipeStudio/Preview Content\"";
				DEVELOPMENT_TEAM = H34BY2CCCD;
				ENABLE_HARDENED_RUNTIME = YES;
				ENABLE_PREVIEWS = YES;
				INFOPLIST_FILE = SwipeStudio/Info.plist;
				LD_RUNPATH_SEARCH_PATHS = (
					"$(inherited)",
					"@executable_path/../Frameworks",
				);
				MACOSX_DEPLOYMENT_TARGET = 10.15;
				PRODUCT_BUNDLE_IDENTIFIER = org.singularitysociety.SwipeStudio;
				PRODUCT_NAME = "$(TARGET_NAME)";
				SWIFT_VERSION = 5.0;
			};
			name = Release;
		};
/* End XCBuildConfiguration section */

/* Begin XCConfigurationList section */
		742A093F2518632F00862F36 /* Build configuration list for PBXProject "swipe_dev" */ = {
			isa = XCConfigurationList;
			buildConfigurations = (
				742A09552518633100862F36 /* Debug */,
				742A09562518633100862F36 /* Release */,
			);
			defaultConfigurationIsVisible = 0;
			defaultConfigurationName = Release;
		};
		742A09572518633100862F36 /* Build configuration list for PBXNativeTarget "swipe20" */ = {
			isa = XCConfigurationList;
			buildConfigurations = (
				742A09582518633100862F36 /* Debug */,
				742A09592518633100862F36 /* Release */,
			);
			defaultConfigurationIsVisible = 0;
			defaultConfigurationName = Release;
		};
		7465DF1725472CF5000E8D74 /* Build configuration list for PBXNativeTarget "SwipeStudio Lite" */ = {
			isa = XCConfigurationList;
			buildConfigurations = (
				7465DF1825472CF5000E8D74 /* Debug */,
				7465DF1925472CF5000E8D74 /* Release */,
			);
			defaultConfigurationIsVisible = 0;
			defaultConfigurationName = Release;
		};
		746E6640252AC61B0041AEE0 /* Build configuration list for PBXNativeTarget "SwipeStudio" */ = {
			isa = XCConfigurationList;
			buildConfigurations = (
				746E6641252AC61B0041AEE0 /* Debug */,
				746E6642252AC61B0041AEE0 /* Release */,
			);
			defaultConfigurationIsVisible = 0;
			defaultConfigurationName = Release;
		};
/* End XCConfigurationList section */

/* Begin XCVersionGroup section */
		7465DF1325472CF5000E8D74 /* SwipeStudio_Lite.xcdatamodeld */ = {
			isa = XCVersionGroup;
			children = (
				7465DF1425472CF5000E8D74 /* SwipeStudio_Lite.xcdatamodel */,
			);
			currentVersion = 7465DF1425472CF5000E8D74 /* SwipeStudio_Lite.xcdatamodel */;
			path = SwipeStudio_Lite.xcdatamodeld;
			sourceTree = "<group>";
			versionGroupType = wrapper.xcdatamodel;
		};
		746E6633252AC6180041AEE0 /* SwipeStudio.xcdatamodeld */ = {
			isa = XCVersionGroup;
			children = (
				746E6634252AC6180041AEE0 /* SwipeStudio.xcdatamodel */,
			);
			currentVersion = 746E6634252AC6180041AEE0 /* SwipeStudio.xcdatamodel */;
			path = SwipeStudio.xcdatamodeld;
			sourceTree = "<group>";
			versionGroupType = wrapper.xcdatamodel;
		};
/* End XCVersionGroup section */
	};
	rootObject = 742A093C2518632F00862F36 /* Project object */;
}
